// !$*UTF8*$!
{
	archiveVersion = 1;
	classes = {
	};
	objectVersion = 50;
	objects = {

/* Begin PBXBuildFile section */
		77447D18238C1E240032D3F2 /* AppDelegate.swift in Sources */ = {isa = PBXBuildFile; fileRef = 77447D17238C1E240032D3F2 /* AppDelegate.swift */; };
		77447D1A238C1E240032D3F2 /* SceneDelegate.swift in Sources */ = {isa = PBXBuildFile; fileRef = 77447D19238C1E240032D3F2 /* SceneDelegate.swift */; };
		77447D1D238C1E240032D3F2 /* FromDay62Theories.xcdatamodeld in Sources */ = {isa = PBXBuildFile; fileRef = 77447D1B238C1E240032D3F2 /* FromDay62Theories.xcdatamodeld */; };
		77447D1F238C1E240032D3F2 /* ContentView.swift in Sources */ = {isa = PBXBuildFile; fileRef = 77447D1E238C1E240032D3F2 /* ContentView.swift */; };
		77447D21238C1E260032D3F2 /* Assets.xcassets in Resources */ = {isa = PBXBuildFile; fileRef = 77447D20238C1E260032D3F2 /* Assets.xcassets */; };
		77447D24238C1E260032D3F2 /* Preview Assets.xcassets in Resources */ = {isa = PBXBuildFile; fileRef = 77447D23238C1E260032D3F2 /* Preview Assets.xcassets */; };
		77447D27238C1E260032D3F2 /* LaunchScreen.storyboard in Resources */ = {isa = PBXBuildFile; fileRef = 77447D25238C1E260032D3F2 /* LaunchScreen.storyboard */; };
		77447D32238C1E260032D3F2 /* FromDay62TheoriesTests.swift in Sources */ = {isa = PBXBuildFile; fileRef = 77447D31238C1E260032D3F2 /* FromDay62TheoriesTests.swift */; };
		77447D3D238C1E260032D3F2 /* FromDay62TheoriesUITests.swift in Sources */ = {isa = PBXBuildFile; fileRef = 77447D3C238C1E260032D3F2 /* FromDay62TheoriesUITests.swift */; };
		77447D4C238C1FF20032D3F2 /* CustomBindingView.swift in Sources */ = {isa = PBXBuildFile; fileRef = 77447D4B238C1FF20032D3F2 /* CustomBindingView.swift */; };
		77447D4E238C284F0032D3F2 /* ActionSheetSampleView.swift in Sources */ = {isa = PBXBuildFile; fileRef = 77447D4D238C284F0032D3F2 /* ActionSheetSampleView.swift */; };
		77447D52238C296E0032D3F2 /* ImageFiltersSampleView.swift in Sources */ = {isa = PBXBuildFile; fileRef = 77447D51238C296E0032D3F2 /* ImageFiltersSampleView.swift */; };
/* End PBXBuildFile section */

/* Begin PBXContainerItemProxy section */
		77447D2E238C1E260032D3F2 /* PBXContainerItemProxy */ = {
			isa = PBXContainerItemProxy;
			containerPortal = 77447D0C238C1E240032D3F2 /* Project object */;
			proxyType = 1;
			remoteGlobalIDString = 77447D13238C1E240032D3F2;
			remoteInfo = FromDay62Theories;
		};
		77447D39238C1E260032D3F2 /* PBXContainerItemProxy */ = {
			isa = PBXContainerItemProxy;
			containerPortal = 77447D0C238C1E240032D3F2 /* Project object */;
			proxyType = 1;
			remoteGlobalIDString = 77447D13238C1E240032D3F2;
			remoteInfo = FromDay62Theories;
		};
/* End PBXContainerItemProxy section */

/* Begin PBXFileReference section */
		77447D14238C1E240032D3F2 /* FromDay62Theories.app */ = {isa = PBXFileReference; explicitFileType = wrapper.application; includeInIndex = 0; path = FromDay62Theories.app; sourceTree = BUILT_PRODUCTS_DIR; };
		77447D17238C1E240032D3F2 /* AppDelegate.swift */ = {isa = PBXFileReference; lastKnownFileType = sourcecode.swift; path = AppDelegate.swift; sourceTree = "<group>"; };
		77447D19238C1E240032D3F2 /* SceneDelegate.swift */ = {isa = PBXFileReference; lastKnownFileType = sourcecode.swift; path = SceneDelegate.swift; sourceTree = "<group>"; };
		77447D1C238C1E240032D3F2 /* FromDay62Theories.xcdatamodel */ = {isa = PBXFileReference; lastKnownFileType = wrapper.xcdatamodel; path = FromDay62Theories.xcdatamodel; sourceTree = "<group>"; };
		77447D1E238C1E240032D3F2 /* ContentView.swift */ = {isa = PBXFileReference; lastKnownFileType = sourcecode.swift; path = ContentView.swift; sourceTree = "<group>"; };
		77447D20238C1E260032D3F2 /* Assets.xcassets */ = {isa = PBXFileReference; lastKnownFileType = folder.assetcatalog; path = Assets.xcassets; sourceTree = "<group>"; };
		77447D23238C1E260032D3F2 /* Preview Assets.xcassets */ = {isa = PBXFileReference; lastKnownFileType = folder.assetcatalog; path = "Preview Assets.xcassets"; sourceTree = "<group>"; };
		77447D26238C1E260032D3F2 /* Base */ = {isa = PBXFileReference; lastKnownFileType = file.storyboard; name = Base; path = Base.lproj/LaunchScreen.storyboard; sourceTree = "<group>"; };
		77447D28238C1E260032D3F2 /* Info.plist */ = {isa = PBXFileReference; lastKnownFileType = text.plist.xml; path = Info.plist; sourceTree = "<group>"; };
		77447D2D238C1E260032D3F2 /* FromDay62TheoriesTests.xctest */ = {isa = PBXFileReference; explicitFileType = wrapper.cfbundle; includeInIndex = 0; path = FromDay62TheoriesTests.xctest; sourceTree = BUILT_PRODUCTS_DIR; };
		77447D31238C1E260032D3F2 /* FromDay62TheoriesTests.swift */ = {isa = PBXFileReference; lastKnownFileType = sourcecode.swift; path = FromDay62TheoriesTests.swift; sourceTree = "<group>"; };
		77447D33238C1E260032D3F2 /* Info.plist */ = {isa = PBXFileReference; lastKnownFileType = text.plist.xml; path = Info.plist; sourceTree = "<group>"; };
		77447D38238C1E260032D3F2 /* FromDay62TheoriesUITests.xctest */ = {isa = PBXFileReference; explicitFileType = wrapper.cfbundle; includeInIndex = 0; path = FromDay62TheoriesUITests.xctest; sourceTree = BUILT_PRODUCTS_DIR; };
		77447D3C238C1E260032D3F2 /* FromDay62TheoriesUITests.swift */ = {isa = PBXFileReference; lastKnownFileType = sourcecode.swift; path = FromDay62TheoriesUITests.swift; sourceTree = "<group>"; };
		77447D3E238C1E260032D3F2 /* Info.plist */ = {isa = PBXFileReference; lastKnownFileType = text.plist.xml; path = Info.plist; sourceTree = "<group>"; };
		77447D4B238C1FF20032D3F2 /* CustomBindingView.swift */ = {isa = PBXFileReference; lastKnownFileType = sourcecode.swift; path = CustomBindingView.swift; sourceTree = "<group>"; };
		77447D4D238C284F0032D3F2 /* ActionSheetSampleView.swift */ = {isa = PBXFileReference; lastKnownFileType = sourcecode.swift; path = ActionSheetSampleView.swift; sourceTree = "<group>"; };
		77447D51238C296E0032D3F2 /* ImageFiltersSampleView.swift */ = {isa = PBXFileReference; lastKnownFileType = sourcecode.swift; path = ImageFiltersSampleView.swift; sourceTree = "<group>"; };
/* End PBXFileReference section */

/* Begin PBXFrameworksBuildPhase section */
		77447D11238C1E240032D3F2 /* Frameworks */ = {
			isa = PBXFrameworksBuildPhase;
			buildActionMask = 2147483647;
			files = (
			);
			runOnlyForDeploymentPostprocessing = 0;
		};
		77447D2A238C1E260032D3F2 /* Frameworks */ = {
			isa = PBXFrameworksBuildPhase;
			buildActionMask = 2147483647;
			files = (
			);
			runOnlyForDeploymentPostprocessing = 0;
		};
		77447D35238C1E260032D3F2 /* Frameworks */ = {
			isa = PBXFrameworksBuildPhase;
			buildActionMask = 2147483647;
			files = (
			);
			runOnlyForDeploymentPostprocessing = 0;
		};
/* End PBXFrameworksBuildPhase section */

/* Begin PBXGroup section */
		77447D0B238C1E240032D3F2 = {
			isa = PBXGroup;
			children = (
				77447D16238C1E240032D3F2 /* FromDay62Theories */,
				77447D30238C1E260032D3F2 /* FromDay62TheoriesTests */,
				77447D3B238C1E260032D3F2 /* FromDay62TheoriesUITests */,
				77447D15238C1E240032D3F2 /* Products */,
			);
			sourceTree = "<group>";
		};
		77447D15238C1E240032D3F2 /* Products */ = {
			isa = PBXGroup;
			children = (
				77447D14238C1E240032D3F2 /* FromDay62Theories.app */,
				77447D2D238C1E260032D3F2 /* FromDay62TheoriesTests.xctest */,
				77447D38238C1E260032D3F2 /* FromDay62TheoriesUITests.xctest */,
			);
			name = Products;
			sourceTree = "<group>";
		};
		77447D16238C1E240032D3F2 /* FromDay62Theories */ = {
			isa = PBXGroup;
			children = (
				77447D50238C293D0032D3F2 /* Day64 */,
				77447D4F238C29320032D3F2 /* Day63 */,
				77447D4A238C1FD40032D3F2 /* Day62 */,
				77447D17238C1E240032D3F2 /* AppDelegate.swift */,
				77447D19238C1E240032D3F2 /* SceneDelegate.swift */,
				77447D1E238C1E240032D3F2 /* ContentView.swift */,
				77447D20238C1E260032D3F2 /* Assets.xcassets */,
				77447D25238C1E260032D3F2 /* LaunchScreen.storyboard */,
				77447D28238C1E260032D3F2 /* Info.plist */,
				77447D1B238C1E240032D3F2 /* FromDay62Theories.xcdatamodeld */,
				77447D22238C1E260032D3F2 /* Preview Content */,
			);
			path = FromDay62Theories;
			sourceTree = "<group>";
		};
		77447D22238C1E260032D3F2 /* Preview Content */ = {
			isa = PBXGroup;
			children = (
				77447D23238C1E260032D3F2 /* Preview Assets.xcassets */,
			);
			path = "Preview Content";
			sourceTree = "<group>";
		};
		77447D30238C1E260032D3F2 /* FromDay62TheoriesTests */ = {
			isa = PBXGroup;
			children = (
				77447D31238C1E260032D3F2 /* FromDay62TheoriesTests.swift */,
				77447D33238C1E260032D3F2 /* Info.plist */,
			);
			path = FromDay62TheoriesTests;
			sourceTree = "<group>";
		};
		77447D3B238C1E260032D3F2 /* FromDay62TheoriesUITests */ = {
			isa = PBXGroup;
			children = (
				77447D3C238C1E260032D3F2 /* FromDay62TheoriesUITests.swift */,
				77447D3E238C1E260032D3F2 /* Info.plist */,
			);
			path = FromDay62TheoriesUITests;
			sourceTree = "<group>";
		};
		77447D4A238C1FD40032D3F2 /* Day62 */ = {
			isa = PBXGroup;
			children = (
				77447D4B238C1FF20032D3F2 /* CustomBindingView.swift */,
				77447D4D238C284F0032D3F2 /* ActionSheetSampleView.swift */,
			);
			path = Day62;
			sourceTree = "<group>";
		};
		77447D4F238C29320032D3F2 /* Day63 */ = {
			isa = PBXGroup;
			children = (
				77447D51238C296E0032D3F2 /* ImageFiltersSampleView.swift */,
			);
			path = Day63;
			sourceTree = "<group>";
		};
		77447D50238C293D0032D3F2 /* Day64 */ = {
			isa = PBXGroup;
			children = (
			);
			path = Day64;
			sourceTree = "<group>";
		};
/* End PBXGroup section */

/* Begin PBXNativeTarget section */
		77447D13238C1E240032D3F2 /* FromDay62Theories */ = {
			isa = PBXNativeTarget;
			buildConfigurationList = 77447D41238C1E260032D3F2 /* Build configuration list for PBXNativeTarget "FromDay62Theories" */;
			buildPhases = (
				77447D10238C1E240032D3F2 /* Sources */,
				77447D11238C1E240032D3F2 /* Frameworks */,
				77447D12238C1E240032D3F2 /* Resources */,
			);
			buildRules = (
			);
			dependencies = (
			);
			name = FromDay62Theories;
			productName = FromDay62Theories;
			productReference = 77447D14238C1E240032D3F2 /* FromDay62Theories.app */;
			productType = "com.apple.product-type.application";
		};
		77447D2C238C1E260032D3F2 /* FromDay62TheoriesTests */ = {
			isa = PBXNativeTarget;
			buildConfigurationList = 77447D44238C1E260032D3F2 /* Build configuration list for PBXNativeTarget "FromDay62TheoriesTests" */;
			buildPhases = (
				77447D29238C1E260032D3F2 /* Sources */,
				77447D2A238C1E260032D3F2 /* Frameworks */,
				77447D2B238C1E260032D3F2 /* Resources */,
			);
			buildRules = (
			);
			dependencies = (
				77447D2F238C1E260032D3F2 /* PBXTargetDependency */,
			);
			name = FromDay62TheoriesTests;
			productName = FromDay62TheoriesTests;
			productReference = 77447D2D238C1E260032D3F2 /* FromDay62TheoriesTests.xctest */;
			productType = "com.apple.product-type.bundle.unit-test";
		};
		77447D37238C1E260032D3F2 /* FromDay62TheoriesUITests */ = {
			isa = PBXNativeTarget;
			buildConfigurationList = 77447D47238C1E260032D3F2 /* Build configuration list for PBXNativeTarget "FromDay62TheoriesUITests" */;
			buildPhases = (
				77447D34238C1E260032D3F2 /* Sources */,
				77447D35238C1E260032D3F2 /* Frameworks */,
				77447D36238C1E260032D3F2 /* Resources */,
			);
			buildRules = (
			);
			dependencies = (
				77447D3A238C1E260032D3F2 /* PBXTargetDependency */,
			);
			name = FromDay62TheoriesUITests;
			productName = FromDay62TheoriesUITests;
			productReference = 77447D38238C1E260032D3F2 /* FromDay62TheoriesUITests.xctest */;
			productType = "com.apple.product-type.bundle.ui-testing";
		};
/* End PBXNativeTarget section */

/* Begin PBXProject section */
		77447D0C238C1E240032D3F2 /* Project object */ = {
			isa = PBXProject;
			attributes = {
				LastSwiftUpdateCheck = 1120;
				LastUpgradeCheck = 1120;
				ORGANIZATIONNAME = "EDGARDO AGNO";
				TargetAttributes = {
					77447D13238C1E240032D3F2 = {
						CreatedOnToolsVersion = 11.2.1;
					};
					77447D2C238C1E260032D3F2 = {
						CreatedOnToolsVersion = 11.2.1;
						TestTargetID = 77447D13238C1E240032D3F2;
					};
					77447D37238C1E260032D3F2 = {
						CreatedOnToolsVersion = 11.2.1;
						TestTargetID = 77447D13238C1E240032D3F2;
					};
				};
			};
			buildConfigurationList = 77447D0F238C1E240032D3F2 /* Build configuration list for PBXProject "FromDay62Theories" */;
			compatibilityVersion = "Xcode 9.3";
			developmentRegion = en;
			hasScannedForEncodings = 0;
			knownRegions = (
				en,
				Base,
			);
			mainGroup = 77447D0B238C1E240032D3F2;
			productRefGroup = 77447D15238C1E240032D3F2 /* Products */;
			projectDirPath = "";
			projectRoot = "";
			targets = (
				77447D13238C1E240032D3F2 /* FromDay62Theories */,
				77447D2C238C1E260032D3F2 /* FromDay62TheoriesTests */,
				77447D37238C1E260032D3F2 /* FromDay62TheoriesUITests */,
			);
		};
/* End PBXProject section */

/* Begin PBXResourcesBuildPhase section */
		77447D12238C1E240032D3F2 /* Resources */ = {
			isa = PBXResourcesBuildPhase;
			buildActionMask = 2147483647;
			files = (
				77447D27238C1E260032D3F2 /* LaunchScreen.storyboard in Resources */,
				77447D24238C1E260032D3F2 /* Preview Assets.xcassets in Resources */,
				77447D21238C1E260032D3F2 /* Assets.xcassets in Resources */,
			);
			runOnlyForDeploymentPostprocessing = 0;
		};
		77447D2B238C1E260032D3F2 /* Resources */ = {
			isa = PBXResourcesBuildPhase;
			buildActionMask = 2147483647;
			files = (
			);
			runOnlyForDeploymentPostprocessing = 0;
		};
		77447D36238C1E260032D3F2 /* Resources */ = {
			isa = PBXResourcesBuildPhase;
			buildActionMask = 2147483647;
			files = (
			);
			runOnlyForDeploymentPostprocessing = 0;
		};
/* End PBXResourcesBuildPhase section */

/* Begin PBXSourcesBuildPhase section */
		77447D10238C1E240032D3F2 /* Sources */ = {
			isa = PBXSourcesBuildPhase;
			buildActionMask = 2147483647;
			files = (
				77447D4C238C1FF20032D3F2 /* CustomBindingView.swift in Sources */,
				77447D52238C296E0032D3F2 /* ImageFiltersSampleView.swift in Sources */,
				77447D18238C1E240032D3F2 /* AppDelegate.swift in Sources */,
				77447D4E238C284F0032D3F2 /* ActionSheetSampleView.swift in Sources */,
				77447D1D238C1E240032D3F2 /* FromDay62Theories.xcdatamodeld in Sources */,
				77447D1F238C1E240032D3F2 /* ContentView.swift in Sources */,
				77447D1A238C1E240032D3F2 /* SceneDelegate.swift in Sources */,
			);
			runOnlyForDeploymentPostprocessing = 0;
		};
		77447D29238C1E260032D3F2 /* Sources */ = {
			isa = PBXSourcesBuildPhase;
			buildActionMask = 2147483647;
			files = (
				77447D32238C1E260032D3F2 /* FromDay62TheoriesTests.swift in Sources */,
			);
			runOnlyForDeploymentPostprocessing = 0;
		};
		77447D34238C1E260032D3F2 /* Sources */ = {
			isa = PBXSourcesBuildPhase;
			buildActionMask = 2147483647;
			files = (
				77447D3D238C1E260032D3F2 /* FromDay62TheoriesUITests.swift in Sources */,
			);
			runOnlyForDeploymentPostprocessing = 0;
		};
/* End PBXSourcesBuildPhase section */

/* Begin PBXTargetDependency section */
		77447D2F238C1E260032D3F2 /* PBXTargetDependency */ = {
			isa = PBXTargetDependency;
			target = 77447D13238C1E240032D3F2 /* FromDay62Theories */;
			targetProxy = 77447D2E238C1E260032D3F2 /* PBXContainerItemProxy */;
		};
		77447D3A238C1E260032D3F2 /* PBXTargetDependency */ = {
			isa = PBXTargetDependency;
			target = 77447D13238C1E240032D3F2 /* FromDay62Theories */;
			targetProxy = 77447D39238C1E260032D3F2 /* PBXContainerItemProxy */;
		};
/* End PBXTargetDependency section */

/* Begin PBXVariantGroup section */
		77447D25238C1E260032D3F2 /* LaunchScreen.storyboard */ = {
			isa = PBXVariantGroup;
			children = (
				77447D26238C1E260032D3F2 /* Base */,
			);
			name = LaunchScreen.storyboard;
			sourceTree = "<group>";
		};
/* End PBXVariantGroup section */

/* Begin XCBuildConfiguration section */
		77447D3F238C1E260032D3F2 /* Debug */ = {
			isa = XCBuildConfiguration;
			buildSettings = {
				ALWAYS_SEARCH_USER_PATHS = NO;
				CLANG_ANALYZER_NONNULL = YES;
				CLANG_ANALYZER_NUMBER_OBJECT_CONVERSION = YES_AGGRESSIVE;
				CLANG_CXX_LANGUAGE_STANDARD = "gnu++14";
				CLANG_CXX_LIBRARY = "libc++";
				CLANG_ENABLE_MODULES = YES;
				CLANG_ENABLE_OBJC_ARC = YES;
				CLANG_ENABLE_OBJC_WEAK = YES;
				CLANG_WARN_BLOCK_CAPTURE_AUTORELEASING = YES;
				CLANG_WARN_BOOL_CONVERSION = YES;
				CLANG_WARN_COMMA = YES;
				CLANG_WARN_CONSTANT_CONVERSION = YES;
				CLANG_WARN_DEPRECATED_OBJC_IMPLEMENTATIONS = YES;
				CLANG_WARN_DIRECT_OBJC_ISA_USAGE = YES_ERROR;
				CLANG_WARN_DOCUMENTATION_COMMENTS = YES;
				CLANG_WARN_EMPTY_BODY = YES;
				CLANG_WARN_ENUM_CONVERSION = YES;
				CLANG_WARN_INFINITE_RECURSION = YES;
				CLANG_WARN_INT_CONVERSION = YES;
				CLANG_WARN_NON_LITERAL_NULL_CONVERSION = YES;
				CLANG_WARN_OBJC_IMPLICIT_RETAIN_SELF = YES;
				CLANG_WARN_OBJC_LITERAL_CONVERSION = YES;
				CLANG_WARN_OBJC_ROOT_CLASS = YES_ERROR;
				CLANG_WARN_RANGE_LOOP_ANALYSIS = YES;
				CLANG_WARN_STRICT_PROTOTYPES = YES;
				CLANG_WARN_SUSPICIOUS_MOVE = YES;
				CLANG_WARN_UNGUARDED_AVAILABILITY = YES_AGGRESSIVE;
				CLANG_WARN_UNREACHABLE_CODE = YES;
				CLANG_WARN__DUPLICATE_METHOD_MATCH = YES;
				COPY_PHASE_STRIP = NO;
				DEBUG_INFORMATION_FORMAT = dwarf;
				ENABLE_STRICT_OBJC_MSGSEND = YES;
				ENABLE_TESTABILITY = YES;
				GCC_C_LANGUAGE_STANDARD = gnu11;
				GCC_DYNAMIC_NO_PIC = NO;
				GCC_NO_COMMON_BLOCKS = YES;
				GCC_OPTIMIZATION_LEVEL = 0;
				GCC_PREPROCESSOR_DEFINITIONS = (
					"DEBUG=1",
					"$(inherited)",
				);
				GCC_WARN_64_TO_32_BIT_CONVERSION = YES;
				GCC_WARN_ABOUT_RETURN_TYPE = YES_ERROR;
				GCC_WARN_UNDECLARED_SELECTOR = YES;
				GCC_WARN_UNINITIALIZED_AUTOS = YES_AGGRESSIVE;
				GCC_WARN_UNUSED_FUNCTION = YES;
				GCC_WARN_UNUSED_VARIABLE = YES;
				IPHONEOS_DEPLOYMENT_TARGET = 13.2;
				MTL_ENABLE_DEBUG_INFO = INCLUDE_SOURCE;
				MTL_FAST_MATH = YES;
				ONLY_ACTIVE_ARCH = YES;
				SDKROOT = iphoneos;
				SWIFT_ACTIVE_COMPILATION_CONDITIONS = DEBUG;
				SWIFT_OPTIMIZATION_LEVEL = "-Onone";
			};
			name = Debug;
		};
		77447D40238C1E260032D3F2 /* Release */ = {
			isa = XCBuildConfiguration;
			buildSettings = {
				ALWAYS_SEARCH_USER_PATHS = NO;
				CLANG_ANALYZER_NONNULL = YES;
				CLANG_ANALYZER_NUMBER_OBJECT_CONVERSION = YES_AGGRESSIVE;
				CLANG_CXX_LANGUAGE_STANDARD = "gnu++14";
				CLANG_CXX_LIBRARY = "libc++";
				CLANG_ENABLE_MODULES = YES;
				CLANG_ENABLE_OBJC_ARC = YES;
				CLANG_ENABLE_OBJC_WEAK = YES;
				CLANG_WARN_BLOCK_CAPTURE_AUTORELEASING = YES;
				CLANG_WARN_BOOL_CONVERSION = YES;
				CLANG_WARN_COMMA = YES;
				CLANG_WARN_CONSTANT_CONVERSION = YES;
				CLANG_WARN_DEPRECATED_OBJC_IMPLEMENTATIONS = YES;
				CLANG_WARN_DIRECT_OBJC_ISA_USAGE = YES_ERROR;
				CLANG_WARN_DOCUMENTATION_COMMENTS = YES;
				CLANG_WARN_EMPTY_BODY = YES;
				CLANG_WARN_ENUM_CONVERSION = YES;
				CLANG_WARN_INFINITE_RECURSION = YES;
				CLANG_WARN_INT_CONVERSION = YES;
				CLANG_WARN_NON_LITERAL_NULL_CONVERSION = YES;
				CLANG_WARN_OBJC_IMPLICIT_RETAIN_SELF = YES;
				CLANG_WARN_OBJC_LITERAL_CONVERSION = YES;
				CLANG_WARN_OBJC_ROOT_CLASS = YES_ERROR;
				CLANG_WARN_RANGE_LOOP_ANALYSIS = YES;
				CLANG_WARN_STRICT_PROTOTYPES = YES;
				CLANG_WARN_SUSPICIOUS_MOVE = YES;
				CLANG_WARN_UNGUARDED_AVAILABILITY = YES_AGGRESSIVE;
				CLANG_WARN_UNREACHABLE_CODE = YES;
				CLANG_WARN__DUPLICATE_METHOD_MATCH = YES;
				COPY_PHASE_STRIP = NO;
				DEBUG_INFORMATION_FORMAT = "dwarf-with-dsym";
				ENABLE_NS_ASSERTIONS = NO;
				ENABLE_STRICT_OBJC_MSGSEND = YES;
				GCC_C_LANGUAGE_STANDARD = gnu11;
				GCC_NO_COMMON_BLOCKS = YES;
				GCC_WARN_64_TO_32_BIT_CONVERSION = YES;
				GCC_WARN_ABOUT_RETURN_TYPE = YES_ERROR;
				GCC_WARN_UNDECLARED_SELECTOR = YES;
				GCC_WARN_UNINITIALIZED_AUTOS = YES_AGGRESSIVE;
				GCC_WARN_UNUSED_FUNCTION = YES;
				GCC_WARN_UNUSED_VARIABLE = YES;
				IPHONEOS_DEPLOYMENT_TARGET = 13.2;
				MTL_ENABLE_DEBUG_INFO = NO;
				MTL_FAST_MATH = YES;
				SDKROOT = iphoneos;
				SWIFT_COMPILATION_MODE = wholemodule;
				SWIFT_OPTIMIZATION_LEVEL = "-O";
				VALIDATE_PRODUCT = YES;
			};
			name = Release;
		};
		77447D42238C1E260032D3F2 /* Debug */ = {
			isa = XCBuildConfiguration;
			buildSettings = {
				ASSETCATALOG_COMPILER_APPICON_NAME = AppIcon;
				CODE_SIGN_STYLE = Automatic;
				DEVELOPMENT_ASSET_PATHS = "\"FromDay62Theories/Preview Content\"";
				DEVELOPMENT_TEAM = LGLDN3729L;
				ENABLE_PREVIEWS = YES;
				INFOPLIST_FILE = FromDay62Theories/Info.plist;
				LD_RUNPATH_SEARCH_PATHS = (
					"$(inherited)",
					"@executable_path/Frameworks",
				);
				PRODUCT_BUNDLE_IDENTIFIER = com.edgardoagno.FromDay62Theories;
				PRODUCT_NAME = "$(TARGET_NAME)";
				SWIFT_VERSION = 5.0;
				TARGETED_DEVICE_FAMILY = "1,2";
			};
			name = Debug;
		};
		77447D43238C1E260032D3F2 /* Release */ = {
			isa = XCBuildConfiguration;
			buildSettings = {
				ASSETCATALOG_COMPILER_APPICON_NAME = AppIcon;
				CODE_SIGN_STYLE = Automatic;
				DEVELOPMENT_ASSET_PATHS = "\"FromDay62Theories/Preview Content\"";
				DEVELOPMENT_TEAM = LGLDN3729L;
				ENABLE_PREVIEWS = YES;
				INFOPLIST_FILE = FromDay62Theories/Info.plist;
				LD_RUNPATH_SEARCH_PATHS = (
					"$(inherited)",
					"@executable_path/Frameworks",
				);
				PRODUCT_BUNDLE_IDENTIFIER = com.edgardoagno.FromDay62Theories;
				PRODUCT_NAME = "$(TARGET_NAME)";
				SWIFT_VERSION = 5.0;
				TARGETED_DEVICE_FAMILY = "1,2";
			};
			name = Release;
		};
		77447D45238C1E260032D3F2 /* Debug */ = {
			isa = XCBuildConfiguration;
			buildSettings = {
				ALWAYS_EMBED_SWIFT_STANDARD_LIBRARIES = YES;
				BUNDLE_LOADER = "$(TEST_HOST)";
				CODE_SIGN_STYLE = Automatic;
				DEVELOPMENT_TEAM = LGLDN3729L;
				INFOPLIST_FILE = FromDay62TheoriesTests/Info.plist;
				IPHONEOS_DEPLOYMENT_TARGET = 13.2;
				LD_RUNPATH_SEARCH_PATHS = (
					"$(inherited)",
					"@executable_path/Frameworks",
					"@loader_path/Frameworks",
				);
				PRODUCT_BUNDLE_IDENTIFIER = com.edgardoagno.FromDay62TheoriesTests;
				PRODUCT_NAME = "$(TARGET_NAME)";
				SWIFT_VERSION = 5.0;
				TARGETED_DEVICE_FAMILY = "1,2";
				TEST_HOST = "$(BUILT_PRODUCTS_DIR)/FromDay62Theories.app/FromDay62Theories";
			};
			name = Debug;
		};
		77447D46238C1E260032D3F2 /* Release */ = {
			isa = XCBuildConfiguration;
			buildSettings = {
				ALWAYS_EMBED_SWIFT_STANDARD_LIBRARIES = YES;
				BUNDLE_LOADER = "$(TEST_HOST)";
				CODE_SIGN_STYLE = Automatic;
				DEVELOPMENT_TEAM = LGLDN3729L;
				INFOPLIST_FILE = FromDay62TheoriesTests/Info.plist;
				IPHONEOS_DEPLOYMENT_TARGET = 13.2;
				LD_RUNPATH_SEARCH_PATHS = (
					"$(inherited)",
					"@executable_path/Frameworks",
					"@loader_path/Frameworks",
				);
				PRODUCT_BUNDLE_IDENTIFIER = com.edgardoagno.FromDay62TheoriesTests;
				PRODUCT_NAME = "$(TARGET_NAME)";
				SWIFT_VERSION = 5.0;
				TARGETED_DEVICE_FAMILY = "1,2";
				TEST_HOST = "$(BUILT_PRODUCTS_DIR)/FromDay62Theories.app/FromDay62Theories";
			};
			name = Release;
		};
		77447D48238C1E260032D3F2 /* Debug */ = {
			isa = XCBuildConfiguration;
			buildSettings = {
				ALWAYS_EMBED_SWIFT_STANDARD_LIBRARIES = YES;
				CODE_SIGN_STYLE = Automatic;
				DEVELOPMENT_TEAM = LGLDN3729L;
				INFOPLIST_FILE = FromDay62TheoriesUITests/Info.plist;
				LD_RUNPATH_SEARCH_PATHS = (
					"$(inherited)",
					"@executable_path/Frameworks",
					"@loader_path/Frameworks",
				);
				PRODUCT_BUNDLE_IDENTIFIER = com.edgardoagno.FromDay62TheoriesUITests;
				PRODUCT_NAME = "$(TARGET_NAME)";
				SWIFT_VERSION = 5.0;
				TARGETED_DEVICE_FAMILY = "1,2";
				TEST_TARGET_NAME = FromDay62Theories;
			};
			name = Debug;
		};
		77447D49238C1E260032D3F2 /* Release */ = {
			isa = XCBuildConfiguration;
			buildSettings = {
				ALWAYS_EMBED_SWIFT_STANDARD_LIBRARIES = YES;
				CODE_SIGN_STYLE = Automatic;
				DEVELOPMENT_TEAM = LGLDN3729L;
				INFOPLIST_FILE = FromDay62TheoriesUITests/Info.plist;
				LD_RUNPATH_SEARCH_PATHS = (
					"$(inherited)",
					"@executable_path/Frameworks",
					"@loader_path/Frameworks",
				);
				PRODUCT_BUNDLE_IDENTIFIER = com.edgardoagno.FromDay62TheoriesUITests;
				PRODUCT_NAME = "$(TARGET_NAME)";
				SWIFT_VERSION = 5.0;
				TARGETED_DEVICE_FAMILY = "1,2";
				TEST_TARGET_NAME = FromDay62Theories;
			};
			name = Release;
		};
/* End XCBuildConfiguration section */

/* Begin XCConfigurationList section */
		77447D0F238C1E240032D3F2 /* Build configuration list for PBXProject "FromDay62Theories" */ = {
			isa = XCConfigurationList;
			buildConfigurations = (
				77447D3F238C1E260032D3F2 /* Debug */,
				77447D40238C1E260032D3F2 /* Release */,
			);
			defaultConfigurationIsVisible = 0;
			defaultConfigurationName = Release;
		};
		77447D41238C1E260032D3F2 /* Build configuration list for PBXNativeTarget "FromDay62Theories" */ = {
			isa = XCConfigurationList;
			buildConfigurations = (
				77447D42238C1E260032D3F2 /* Debug */,
				77447D43238C1E260032D3F2 /* Release */,
			);
			defaultConfigurationIsVisible = 0;
			defaultConfigurationName = Release;
		};
		77447D44238C1E260032D3F2 /* Build configuration list for PBXNativeTarget "FromDay62TheoriesTests" */ = {
			isa = XCConfigurationList;
			buildConfigurations = (
				77447D45238C1E260032D3F2 /* Debug */,
				77447D46238C1E260032D3F2 /* Release */,
			);
			defaultConfigurationIsVisible = 0;
			defaultConfigurationName = Release;
		};
		77447D47238C1E260032D3F2 /* Build configuration list for PBXNativeTarget "FromDay62TheoriesUITests" */ = {
			isa = XCConfigurationList;
			buildConfigurations = (
				77447D48238C1E260032D3F2 /* Debug */,
				77447D49238C1E260032D3F2 /* Release */,
			);
			defaultConfigurationIsVisible = 0;
			defaultConfigurationName = Release;
		};
/* End XCConfigurationList section */

/* Begin XCVersionGroup section */
		77447D1B238C1E240032D3F2 /* FromDay62Theories.xcdatamodeld */ = {
			isa = XCVersionGroup;
			children = (
				77447D1C238C1E240032D3F2 /* FromDay62Theories.xcdatamodel */,
			);
			currentVersion = 77447D1C238C1E240032D3F2 /* FromDay62Theories.xcdatamodel */;
			path = FromDay62Theories.xcdatamodeld;
			sourceTree = "<group>";
			versionGroupType = wrapper.xcdatamodel;
		};
/* End XCVersionGroup section */
	};
	rootObject = 77447D0C238C1E240032D3F2 /* Project object */;
}
