// !$*UTF8*$!
{
	archiveVersion = 1;
	classes = {
	};
	objectVersion = 50;
	objects = {

/* Begin PBXBuildFile section */
		77B97B412382C7AD00491B0F /* AppDelegate.swift in Sources */ = {isa = PBXBuildFile; fileRef = 77B97B402382C7AD00491B0F /* AppDelegate.swift */; };
		77B97B432382C7AD00491B0F /* SceneDelegate.swift in Sources */ = {isa = PBXBuildFile; fileRef = 77B97B422382C7AD00491B0F /* SceneDelegate.swift */; };
		77B97B462382C7AD00491B0F /* HarryPotterDB.xcdatamodeld in Sources */ = {isa = PBXBuildFile; fileRef = 77B97B442382C7AD00491B0F /* HarryPotterDB.xcdatamodeld */; };
		77B97B482382C7AD00491B0F /* ContentView.swift in Sources */ = {isa = PBXBuildFile; fileRef = 77B97B472382C7AD00491B0F /* ContentView.swift */; };
		77B97B4A2382C7AF00491B0F /* Assets.xcassets in Resources */ = {isa = PBXBuildFile; fileRef = 77B97B492382C7AF00491B0F /* Assets.xcassets */; };
		77B97B4D2382C7AF00491B0F /* Preview Assets.xcassets in Resources */ = {isa = PBXBuildFile; fileRef = 77B97B4C2382C7AF00491B0F /* Preview Assets.xcassets */; };
		77B97B502382C7AF00491B0F /* LaunchScreen.storyboard in Resources */ = {isa = PBXBuildFile; fileRef = 77B97B4E2382C7AF00491B0F /* LaunchScreen.storyboard */; };
/* End PBXBuildFile section */

/* Begin PBXFileReference section */
		77B97B3D2382C7AD00491B0F /* HarryPotterDB.app */ = {isa = PBXFileReference; explicitFileType = wrapper.application; includeInIndex = 0; path = HarryPotterDB.app; sourceTree = BUILT_PRODUCTS_DIR; };
		77B97B402382C7AD00491B0F /* AppDelegate.swift */ = {isa = PBXFileReference; lastKnownFileType = sourcecode.swift; path = AppDelegate.swift; sourceTree = "<group>"; };
		77B97B422382C7AD00491B0F /* SceneDelegate.swift */ = {isa = PBXFileReference; lastKnownFileType = sourcecode.swift; path = SceneDelegate.swift; sourceTree = "<group>"; };
		77B97B452382C7AD00491B0F /* HarryPotterDB.xcdatamodel */ = {isa = PBXFileReference; lastKnownFileType = wrapper.xcdatamodel; path = HarryPotterDB.xcdatamodel; sourceTree = "<group>"; };
		77B97B472382C7AD00491B0F /* ContentView.swift */ = {isa = PBXFileReference; lastKnownFileType = sourcecode.swift; path = ContentView.swift; sourceTree = "<group>"; };
		77B97B492382C7AF00491B0F /* Assets.xcassets */ = {isa = PBXFileReference; lastKnownFileType = folder.assetcatalog; path = Assets.xcassets; sourceTree = "<group>"; };
		77B97B4C2382C7AF00491B0F /* Preview Assets.xcassets */ = {isa = PBXFileReference; lastKnownFileType = folder.assetcatalog; path = "Preview Assets.xcassets"; sourceTree = "<group>"; };
		77B97B4F2382C7AF00491B0F /* Base */ = {isa = PBXFileReference; lastKnownFileType = file.storyboard; name = Base; path = Base.lproj/LaunchScreen.storyboard; sourceTree = "<group>"; };
		77B97B512382C7AF00491B0F /* Info.plist */ = {isa = PBXFileReference; lastKnownFileType = text.plist.xml; path = Info.plist; sourceTree = "<group>"; };
/* End PBXFileReference section */

/* Begin PBXFrameworksBuildPhase section */
		77B97B3A2382C7AD00491B0F /* Frameworks */ = {
			isa = PBXFrameworksBuildPhase;
			buildActionMask = 2147483647;
			files = (
			);
			runOnlyForDeploymentPostprocessing = 0;
		};
/* End PBXFrameworksBuildPhase section */

/* Begin PBXGroup section */
		77B97B342382C7AD00491B0F = {
			isa = PBXGroup;
			children = (
				77B97B3F2382C7AD00491B0F /* HarryPotterDB */,
				77B97B3E2382C7AD00491B0F /* Products */,
			);
			sourceTree = "<group>";
		};
		77B97B3E2382C7AD00491B0F /* Products */ = {
			isa = PBXGroup;
			children = (
				77B97B3D2382C7AD00491B0F /* HarryPotterDB.app */,
			);
			name = Products;
			sourceTree = "<group>";
		};
		77B97B3F2382C7AD00491B0F /* HarryPotterDB */ = {
			isa = PBXGroup;
			children = (
				77B97B402382C7AD00491B0F /* AppDelegate.swift */,
				77B97B422382C7AD00491B0F /* SceneDelegate.swift */,
				77B97B472382C7AD00491B0F /* ContentView.swift */,
				77B97B492382C7AF00491B0F /* Assets.xcassets */,
				77B97B4E2382C7AF00491B0F /* LaunchScreen.storyboard */,
				77B97B512382C7AF00491B0F /* Info.plist */,
				77B97B442382C7AD00491B0F /* HarryPotterDB.xcdatamodeld */,
				77B97B4B2382C7AF00491B0F /* Preview Content */,
			);
			path = HarryPotterDB;
			sourceTree = "<group>";
		};
		77B97B4B2382C7AF00491B0F /* Preview Content */ = {
			isa = PBXGroup;
			children = (
				77B97B4C2382C7AF00491B0F /* Preview Assets.xcassets */,
			);
			path = "Preview Content";
			sourceTree = "<group>";
		};
/* End PBXGroup section */

/* Begin PBXNativeTarget section */
		77B97B3C2382C7AD00491B0F /* HarryPotterDB */ = {
			isa = PBXNativeTarget;
			buildConfigurationList = 77B97B542382C7AF00491B0F /* Build configuration list for PBXNativeTarget "HarryPotterDB" */;
			buildPhases = (
				77B97B392382C7AD00491B0F /* Sources */,
				77B97B3A2382C7AD00491B0F /* Frameworks */,
				77B97B3B2382C7AD00491B0F /* Resources */,
			);
			buildRules = (
			);
			dependencies = (
			);
			name = HarryPotterDB;
			productName = HarryPotterDB;
			productReference = 77B97B3D2382C7AD00491B0F /* HarryPotterDB.app */;
			productType = "com.apple.product-type.application";
		};
/* End PBXNativeTarget section */

/* Begin PBXProject section */
		77B97B352382C7AD00491B0F /* Project object */ = {
			isa = PBXProject;
			attributes = {
				LastSwiftUpdateCheck = 1120;
				LastUpgradeCheck = 1120;
				ORGANIZATIONNAME = "EDGARDO AGNO";
				TargetAttributes = {
					77B97B3C2382C7AD00491B0F = {
						CreatedOnToolsVersion = 11.2.1;
					};
				};
			};
			buildConfigurationList = 77B97B382382C7AD00491B0F /* Build configuration list for PBXProject "HarryPotterDB" */;
			compatibilityVersion = "Xcode 9.3";
			developmentRegion = en;
			hasScannedForEncodings = 0;
			knownRegions = (
				en,
				Base,
			);
			mainGroup = 77B97B342382C7AD00491B0F;
			productRefGroup = 77B97B3E2382C7AD00491B0F /* Products */;
			projectDirPath = "";
			projectRoot = "";
			targets = (
				77B97B3C2382C7AD00491B0F /* HarryPotterDB */,
			);
		};
/* End PBXProject section */

/* Begin PBXResourcesBuildPhase section */
		77B97B3B2382C7AD00491B0F /* Resources */ = {
			isa = PBXResourcesBuildPhase;
			buildActionMask = 2147483647;
			files = (
				77B97B502382C7AF00491B0F /* LaunchScreen.storyboard in Resources */,
				77B97B4D2382C7AF00491B0F /* Preview Assets.xcassets in Resources */,
				77B97B4A2382C7AF00491B0F /* Assets.xcassets in Resources */,
			);
			runOnlyForDeploymentPostprocessing = 0;
		};
/* End PBXResourcesBuildPhase section */

/* Begin PBXSourcesBuildPhase section */
		77B97B392382C7AD00491B0F /* Sources */ = {
			isa = PBXSourcesBuildPhase;
			buildActionMask = 2147483647;
			files = (
				77B97B412382C7AD00491B0F /* AppDelegate.swift in Sources */,
				77B97B432382C7AD00491B0F /* SceneDelegate.swift in Sources */,
				77B97B482382C7AD00491B0F /* ContentView.swift in Sources */,
				77B97B462382C7AD00491B0F /* HarryPotterDB.xcdatamodeld in Sources */,
			);
			runOnlyForDeploymentPostprocessing = 0;
		};
/* End PBXSourcesBuildPhase section */

/* Begin PBXVariantGroup section */
		77B97B4E2382C7AF00491B0F /* LaunchScreen.storyboard */ = {
			isa = PBXVariantGroup;
			children = (
				77B97B4F2382C7AF00491B0F /* Base */,
			);
			name = LaunchScreen.storyboard;
			sourceTree = "<group>";
		};
/* End PBXVariantGroup section */

/* Begin XCBuildConfiguration section */
		77B97B522382C7AF00491B0F /* Debug */ = {
			isa = XCBuildConfiguration;
			buildSettings = {
				ALWAYS_SEARCH_USER_PATHS = NO;
				CLANG_ANALYZER_NONNULL = YES;
				CLANG_ANALYZER_NUMBER_OBJECT_CONVERSION = YES_AGGRESSIVE;
				CLANG_CXX_LANGUAGE_STANDARD = "gnu++14";
				CLANG_CXX_LIBRARY = "libc++";
				CLANG_ENABLE_MODULES = YES;
				CLANG_ENABLE_OBJC_ARC = YES;
				CLANG_ENABLE_OBJC_WEAK = YES;
				CLANG_WARN_BLOCK_CAPTURE_AUTORELEASING = YES;
				CLANG_WARN_BOOL_CONVERSION = YES;
				CLANG_WARN_COMMA = YES;
				CLANG_WARN_CONSTANT_CONVERSION = YES;
				CLANG_WARN_DEPRECATED_OBJC_IMPLEMENTATIONS = YES;
				CLANG_WARN_DIRECT_OBJC_ISA_USAGE = YES_ERROR;
				CLANG_WARN_DOCUMENTATION_COMMENTS = YES;
				CLANG_WARN_EMPTY_BODY = YES;
				CLANG_WARN_ENUM_CONVERSION = YES;
				CLANG_WARN_INFINITE_RECURSION = YES;
				CLANG_WARN_INT_CONVERSION = YES;
				CLANG_WARN_NON_LITERAL_NULL_CONVERSION = YES;
				CLANG_WARN_OBJC_IMPLICIT_RETAIN_SELF = YES;
				CLANG_WARN_OBJC_LITERAL_CONVERSION = YES;
				CLANG_WARN_OBJC_ROOT_CLASS = YES_ERROR;
				CLANG_WARN_RANGE_LOOP_ANALYSIS = YES;
				CLANG_WARN_STRICT_PROTOTYPES = YES;
				CLANG_WARN_SUSPICIOUS_MOVE = YES;
				CLANG_WARN_UNGUARDED_AVAILABILITY = YES_AGGRESSIVE;
				CLANG_WARN_UNREACHABLE_CODE = YES;
				CLANG_WARN__DUPLICATE_METHOD_MATCH = YES;
				COPY_PHASE_STRIP = NO;
				DEBUG_INFORMATION_FORMAT = dwarf;
				ENABLE_STRICT_OBJC_MSGSEND = YES;
				ENABLE_TESTABILITY = YES;
				GCC_C_LANGUAGE_STANDARD = gnu11;
				GCC_DYNAMIC_NO_PIC = NO;
				GCC_NO_COMMON_BLOCKS = YES;
				GCC_OPTIMIZATION_LEVEL = 0;
				GCC_PREPROCESSOR_DEFINITIONS = (
					"DEBUG=1",
					"$(inherited)",
				);
				GCC_WARN_64_TO_32_BIT_CONVERSION = YES;
				GCC_WARN_ABOUT_RETURN_TYPE = YES_ERROR;
				GCC_WARN_UNDECLARED_SELECTOR = YES;
				GCC_WARN_UNINITIALIZED_AUTOS = YES_AGGRESSIVE;
				GCC_WARN_UNUSED_FUNCTION = YES;
				GCC_WARN_UNUSED_VARIABLE = YES;
				IPHONEOS_DEPLOYMENT_TARGET = 13.2;
				MTL_ENABLE_DEBUG_INFO = INCLUDE_SOURCE;
				MTL_FAST_MATH = YES;
				ONLY_ACTIVE_ARCH = YES;
				SDKROOT = iphoneos;
				SWIFT_ACTIVE_COMPILATION_CONDITIONS = DEBUG;
				SWIFT_OPTIMIZATION_LEVEL = "-Onone";
			};
			name = Debug;
		};
		77B97B532382C7AF00491B0F /* Release */ = {
			isa = XCBuildConfiguration;
			buildSettings = {
				ALWAYS_SEARCH_USER_PATHS = NO;
				CLANG_ANALYZER_NONNULL = YES;
				CLANG_ANALYZER_NUMBER_OBJECT_CONVERSION = YES_AGGRESSIVE;
				CLANG_CXX_LANGUAGE_STANDARD = "gnu++14";
				CLANG_CXX_LIBRARY = "libc++";
				CLANG_ENABLE_MODULES = YES;
				CLANG_ENABLE_OBJC_ARC = YES;
				CLANG_ENABLE_OBJC_WEAK = YES;
				CLANG_WARN_BLOCK_CAPTURE_AUTORELEASING = YES;
				CLANG_WARN_BOOL_CONVERSION = YES;
				CLANG_WARN_COMMA = YES;
				CLANG_WARN_CONSTANT_CONVERSION = YES;
				CLANG_WARN_DEPRECATED_OBJC_IMPLEMENTATIONS = YES;
				CLANG_WARN_DIRECT_OBJC_ISA_USAGE = YES_ERROR;
				CLANG_WARN_DOCUMENTATION_COMMENTS = YES;
				CLANG_WARN_EMPTY_BODY = YES;
				CLANG_WARN_ENUM_CONVERSION = YES;
				CLANG_WARN_INFINITE_RECURSION = YES;
				CLANG_WARN_INT_CONVERSION = YES;
				CLANG_WARN_NON_LITERAL_NULL_CONVERSION = YES;
				CLANG_WARN_OBJC_IMPLICIT_RETAIN_SELF = YES;
				CLANG_WARN_OBJC_LITERAL_CONVERSION = YES;
				CLANG_WARN_OBJC_ROOT_CLASS = YES_ERROR;
				CLANG_WARN_RANGE_LOOP_ANALYSIS = YES;
				CLANG_WARN_STRICT_PROTOTYPES = YES;
				CLANG_WARN_SUSPICIOUS_MOVE = YES;
				CLANG_WARN_UNGUARDED_AVAILABILITY = YES_AGGRESSIVE;
				CLANG_WARN_UNREACHABLE_CODE = YES;
				CLANG_WARN__DUPLICATE_METHOD_MATCH = YES;
				COPY_PHASE_STRIP = NO;
				DEBUG_INFORMATION_FORMAT = "dwarf-with-dsym";
				ENABLE_NS_ASSERTIONS = NO;
				ENABLE_STRICT_OBJC_MSGSEND = YES;
				GCC_C_LANGUAGE_STANDARD = gnu11;
				GCC_NO_COMMON_BLOCKS = YES;
				GCC_WARN_64_TO_32_BIT_CONVERSION = YES;
				GCC_WARN_ABOUT_RETURN_TYPE = YES_ERROR;
				GCC_WARN_UNDECLARED_SELECTOR = YES;
				GCC_WARN_UNINITIALIZED_AUTOS = YES_AGGRESSIVE;
				GCC_WARN_UNUSED_FUNCTION = YES;
				GCC_WARN_UNUSED_VARIABLE = YES;
				IPHONEOS_DEPLOYMENT_TARGET = 13.2;
				MTL_ENABLE_DEBUG_INFO = NO;
				MTL_FAST_MATH = YES;
				SDKROOT = iphoneos;
				SWIFT_COMPILATION_MODE = wholemodule;
				SWIFT_OPTIMIZATION_LEVEL = "-O";
				VALIDATE_PRODUCT = YES;
			};
			name = Release;
		};
		77B97B552382C7AF00491B0F /* Debug */ = {
			isa = XCBuildConfiguration;
			buildSettings = {
				ASSETCATALOG_COMPILER_APPICON_NAME = AppIcon;
				CODE_SIGN_STYLE = Automatic;
				DEVELOPMENT_ASSET_PATHS = "\"HarryPotterDB/Preview Content\"";
				DEVELOPMENT_TEAM = LGLDN3729L;
				ENABLE_PREVIEWS = YES;
				INFOPLIST_FILE = HarryPotterDB/Info.plist;
				LD_RUNPATH_SEARCH_PATHS = (
					"$(inherited)",
					"@executable_path/Frameworks",
				);
				PRODUCT_BUNDLE_IDENTIFIER = com.edgardoagno.HarryPotterDB;
				PRODUCT_NAME = "$(TARGET_NAME)";
				SWIFT_VERSION = 5.0;
				TARGETED_DEVICE_FAMILY = "1,2";
			};
			name = Debug;
		};
		77B97B562382C7AF00491B0F /* Release */ = {
			isa = XCBuildConfiguration;
			buildSettings = {
				ASSETCATALOG_COMPILER_APPICON_NAME = AppIcon;
				CODE_SIGN_STYLE = Automatic;
				DEVELOPMENT_ASSET_PATHS = "\"HarryPotterDB/Preview Content\"";
				DEVELOPMENT_TEAM = LGLDN3729L;
				ENABLE_PREVIEWS = YES;
				INFOPLIST_FILE = HarryPotterDB/Info.plist;
				LD_RUNPATH_SEARCH_PATHS = (
					"$(inherited)",
					"@executable_path/Frameworks",
				);
				PRODUCT_BUNDLE_IDENTIFIER = com.edgardoagno.HarryPotterDB;
				PRODUCT_NAME = "$(TARGET_NAME)";
				SWIFT_VERSION = 5.0;
				TARGETED_DEVICE_FAMILY = "1,2";
			};
			name = Release;
		};
/* End XCBuildConfiguration section */

/* Begin XCConfigurationList section */
		77B97B382382C7AD00491B0F /* Build configuration list for PBXProject "HarryPotterDB" */ = {
			isa = XCConfigurationList;
			buildConfigurations = (
				77B97B522382C7AF00491B0F /* Debug */,
				77B97B532382C7AF00491B0F /* Release */,
			);
			defaultConfigurationIsVisible = 0;
			defaultConfigurationName = Release;
		};
		77B97B542382C7AF00491B0F /* Build configuration list for PBXNativeTarget "HarryPotterDB" */ = {
			isa = XCConfigurationList;
			buildConfigurations = (
				77B97B552382C7AF00491B0F /* Debug */,
				77B97B562382C7AF00491B0F /* Release */,
			);
			defaultConfigurationIsVisible = 0;
			defaultConfigurationName = Release;
		};
/* End XCConfigurationList section */

/* Begin XCVersionGroup section */
		77B97B442382C7AD00491B0F /* HarryPotterDB.xcdatamodeld */ = {
			isa = XCVersionGroup;
			children = (
				77B97B452382C7AD00491B0F /* HarryPotterDB.xcdatamodel */,
			);
			currentVersion = 77B97B452382C7AD00491B0F /* HarryPotterDB.xcdatamodel */;
			path = HarryPotterDB.xcdatamodeld;
			sourceTree = "<group>";
			versionGroupType = wrapper.xcdatamodel;
		};
/* End XCVersionGroup section */
	};
	rootObject = 77B97B352382C7AD00491B0F /* Project object */;
}
