// !$*UTF8*$!
{
	archiveVersion = 1;
	classes = {
	};
	objectVersion = 50;
	objects = {

/* Begin PBXBuildFile section */
		7752EBD6237C4D7D00A7B982 /* AppDelegate.swift in Sources */ = {isa = PBXBuildFile; fileRef = 7752EBD5237C4D7D00A7B982 /* AppDelegate.swift */; };
		7752EBD8237C4D7D00A7B982 /* SceneDelegate.swift in Sources */ = {isa = PBXBuildFile; fileRef = 7752EBD7237C4D7D00A7B982 /* SceneDelegate.swift */; };
		7752EBDA237C4D7D00A7B982 /* ContentView.swift in Sources */ = {isa = PBXBuildFile; fileRef = 7752EBD9237C4D7D00A7B982 /* ContentView.swift */; };
		7752EBDC237C4D8000A7B982 /* Assets.xcassets in Resources */ = {isa = PBXBuildFile; fileRef = 7752EBDB237C4D8000A7B982 /* Assets.xcassets */; };
		7752EBDF237C4D8000A7B982 /* Preview Assets.xcassets in Resources */ = {isa = PBXBuildFile; fileRef = 7752EBDE237C4D8000A7B982 /* Preview Assets.xcassets */; };
		7752EBE2237C4D8000A7B982 /* LaunchScreen.storyboard in Resources */ = {isa = PBXBuildFile; fileRef = 7752EBE0237C4D8000A7B982 /* LaunchScreen.storyboard */; };
		7752EBEA237C4F2400A7B982 /* TriangleView.swift in Sources */ = {isa = PBXBuildFile; fileRef = 7752EBE9237C4F2400A7B982 /* TriangleView.swift */; };
		7752EBEC237C541F00A7B982 /* ArcView.swift in Sources */ = {isa = PBXBuildFile; fileRef = 7752EBEB237C541E00A7B982 /* ArcView.swift */; };
		7752EBEE237C582E00A7B982 /* InsettableView.swift in Sources */ = {isa = PBXBuildFile; fileRef = 7752EBED237C582E00A7B982 /* InsettableView.swift */; };
		7752EBF0237C5BA900A7B982 /* FlowerView.swift in Sources */ = {isa = PBXBuildFile; fileRef = 7752EBEF237C5BA900A7B982 /* FlowerView.swift */; };
		7752EBF2237C5E1400A7B982 /* ImagePaintView.swift in Sources */ = {isa = PBXBuildFile; fileRef = 7752EBF1237C5E1400A7B982 /* ImagePaintView.swift */; };
		7752EBF4237C604A00A7B982 /* ColorCyclingCircleView.swift in Sources */ = {isa = PBXBuildFile; fileRef = 7752EBF3237C604A00A7B982 /* ColorCyclingCircleView.swift */; };
		7752EBF6237D5E0200A7B982 /* SpecialEffectsView.swift in Sources */ = {isa = PBXBuildFile; fileRef = 7752EBF5237D5E0200A7B982 /* SpecialEffectsView.swift */; };
/* End PBXBuildFile section */

/* Begin PBXFileReference section */
		7752EBD2237C4D7D00A7B982 /* Drawing.app */ = {isa = PBXFileReference; explicitFileType = wrapper.application; includeInIndex = 0; path = Drawing.app; sourceTree = BUILT_PRODUCTS_DIR; };
		7752EBD5237C4D7D00A7B982 /* AppDelegate.swift */ = {isa = PBXFileReference; lastKnownFileType = sourcecode.swift; path = AppDelegate.swift; sourceTree = "<group>"; };
		7752EBD7237C4D7D00A7B982 /* SceneDelegate.swift */ = {isa = PBXFileReference; lastKnownFileType = sourcecode.swift; path = SceneDelegate.swift; sourceTree = "<group>"; };
		7752EBD9237C4D7D00A7B982 /* ContentView.swift */ = {isa = PBXFileReference; lastKnownFileType = sourcecode.swift; path = ContentView.swift; sourceTree = "<group>"; };
		7752EBDB237C4D8000A7B982 /* Assets.xcassets */ = {isa = PBXFileReference; lastKnownFileType = folder.assetcatalog; path = Assets.xcassets; sourceTree = "<group>"; };
		7752EBDE237C4D8000A7B982 /* Preview Assets.xcassets */ = {isa = PBXFileReference; lastKnownFileType = folder.assetcatalog; path = "Preview Assets.xcassets"; sourceTree = "<group>"; };
		7752EBE1237C4D8000A7B982 /* Base */ = {isa = PBXFileReference; lastKnownFileType = file.storyboard; name = Base; path = Base.lproj/LaunchScreen.storyboard; sourceTree = "<group>"; };
		7752EBE3237C4D8000A7B982 /* Info.plist */ = {isa = PBXFileReference; lastKnownFileType = text.plist.xml; path = Info.plist; sourceTree = "<group>"; };
		7752EBE9237C4F2400A7B982 /* TriangleView.swift */ = {isa = PBXFileReference; lastKnownFileType = sourcecode.swift; path = TriangleView.swift; sourceTree = "<group>"; };
		7752EBEB237C541E00A7B982 /* ArcView.swift */ = {isa = PBXFileReference; lastKnownFileType = sourcecode.swift; path = ArcView.swift; sourceTree = "<group>"; };
		7752EBED237C582E00A7B982 /* InsettableView.swift */ = {isa = PBXFileReference; lastKnownFileType = sourcecode.swift; path = InsettableView.swift; sourceTree = "<group>"; };
		7752EBEF237C5BA900A7B982 /* FlowerView.swift */ = {isa = PBXFileReference; lastKnownFileType = sourcecode.swift; path = FlowerView.swift; sourceTree = "<group>"; };
		7752EBF1237C5E1400A7B982 /* ImagePaintView.swift */ = {isa = PBXFileReference; lastKnownFileType = sourcecode.swift; path = ImagePaintView.swift; sourceTree = "<group>"; };
		7752EBF3237C604A00A7B982 /* ColorCyclingCircleView.swift */ = {isa = PBXFileReference; lastKnownFileType = sourcecode.swift; path = ColorCyclingCircleView.swift; sourceTree = "<group>"; };
		7752EBF5237D5E0200A7B982 /* SpecialEffectsView.swift */ = {isa = PBXFileReference; lastKnownFileType = sourcecode.swift; path = SpecialEffectsView.swift; sourceTree = "<group>"; };
/* End PBXFileReference section */

/* Begin PBXFrameworksBuildPhase section */
		7752EBCF237C4D7D00A7B982 /* Frameworks */ = {
			isa = PBXFrameworksBuildPhase;
			buildActionMask = 2147483647;
			files = (
			);
			runOnlyForDeploymentPostprocessing = 0;
		};
/* End PBXFrameworksBuildPhase section */

/* Begin PBXGroup section */
		7752EBC9237C4D7D00A7B982 = {
			isa = PBXGroup;
			children = (
				7752EBD4237C4D7D00A7B982 /* Drawing */,
				7752EBD3237C4D7D00A7B982 /* Products */,
			);
			sourceTree = "<group>";
		};
		7752EBD3237C4D7D00A7B982 /* Products */ = {
			isa = PBXGroup;
			children = (
				7752EBD2237C4D7D00A7B982 /* Drawing.app */,
			);
			name = Products;
			sourceTree = "<group>";
		};
		7752EBD4237C4D7D00A7B982 /* Drawing */ = {
			isa = PBXGroup;
			children = (
				7752EBD5237C4D7D00A7B982 /* AppDelegate.swift */,
				7752EBD7237C4D7D00A7B982 /* SceneDelegate.swift */,
				7752EBD9237C4D7D00A7B982 /* ContentView.swift */,
				7752EBDB237C4D8000A7B982 /* Assets.xcassets */,
				7752EBE0237C4D8000A7B982 /* LaunchScreen.storyboard */,
				7752EBE3237C4D8000A7B982 /* Info.plist */,
				7752EBDD237C4D8000A7B982 /* Preview Content */,
				7752EBE9237C4F2400A7B982 /* TriangleView.swift */,
				7752EBEB237C541E00A7B982 /* ArcView.swift */,
				7752EBED237C582E00A7B982 /* InsettableView.swift */,
				7752EBEF237C5BA900A7B982 /* FlowerView.swift */,
				7752EBF1237C5E1400A7B982 /* ImagePaintView.swift */,
				7752EBF3237C604A00A7B982 /* ColorCyclingCircleView.swift */,
				7752EBF5237D5E0200A7B982 /* SpecialEffectsView.swift */,
			);
			path = Drawing;
			sourceTree = "<group>";
		};
		7752EBDD237C4D8000A7B982 /* Preview Content */ = {
			isa = PBXGroup;
			children = (
				7752EBDE237C4D8000A7B982 /* Preview Assets.xcassets */,
			);
			path = "Preview Content";
			sourceTree = "<group>";
		};
/* End PBXGroup section */

/* Begin PBXNativeTarget section */
		7752EBD1237C4D7D00A7B982 /* Drawing */ = {
			isa = PBXNativeTarget;
			buildConfigurationList = 7752EBE6237C4D8000A7B982 /* Build configuration list for PBXNativeTarget "Drawing" */;
			buildPhases = (
				7752EBCE237C4D7D00A7B982 /* Sources */,
				7752EBCF237C4D7D00A7B982 /* Frameworks */,
				7752EBD0237C4D7D00A7B982 /* Resources */,
			);
			buildRules = (
			);
			dependencies = (
			);
			name = Drawing;
			productName = Drawing;
			productReference = 7752EBD2237C4D7D00A7B982 /* Drawing.app */;
			productType = "com.apple.product-type.application";
		};
/* End PBXNativeTarget section */

/* Begin PBXProject section */
		7752EBCA237C4D7D00A7B982 /* Project object */ = {
			isa = PBXProject;
			attributes = {
				LastSwiftUpdateCheck = 1120;
				LastUpgradeCheck = 1120;
				ORGANIZATIONNAME = "EDGARDO AGNO";
				TargetAttributes = {
					7752EBD1237C4D7D00A7B982 = {
						CreatedOnToolsVersion = 11.2;
					};
				};
			};
			buildConfigurationList = 7752EBCD237C4D7D00A7B982 /* Build configuration list for PBXProject "Drawing" */;
			compatibilityVersion = "Xcode 9.3";
			developmentRegion = en;
			hasScannedForEncodings = 0;
			knownRegions = (
				en,
				Base,
			);
			mainGroup = 7752EBC9237C4D7D00A7B982;
			productRefGroup = 7752EBD3237C4D7D00A7B982 /* Products */;
			projectDirPath = "";
			projectRoot = "";
			targets = (
				7752EBD1237C4D7D00A7B982 /* Drawing */,
			);
		};
/* End PBXProject section */

/* Begin PBXResourcesBuildPhase section */
		7752EBD0237C4D7D00A7B982 /* Resources */ = {
			isa = PBXResourcesBuildPhase;
			buildActionMask = 2147483647;
			files = (
				7752EBE2237C4D8000A7B982 /* LaunchScreen.storyboard in Resources */,
				7752EBDF237C4D8000A7B982 /* Preview Assets.xcassets in Resources */,
				7752EBDC237C4D8000A7B982 /* Assets.xcassets in Resources */,
			);
			runOnlyForDeploymentPostprocessing = 0;
		};
/* End PBXResourcesBuildPhase section */

/* Begin PBXSourcesBuildPhase section */
		7752EBCE237C4D7D00A7B982 /* Sources */ = {
			isa = PBXSourcesBuildPhase;
			buildActionMask = 2147483647;
			files = (
				7752EBD6237C4D7D00A7B982 /* AppDelegate.swift in Sources */,
				7752EBF4237C604A00A7B982 /* ColorCyclingCircleView.swift in Sources */,
				7752EBF2237C5E1400A7B982 /* ImagePaintView.swift in Sources */,
				7752EBEC237C541F00A7B982 /* ArcView.swift in Sources */,
				7752EBD8237C4D7D00A7B982 /* SceneDelegate.swift in Sources */,
				7752EBEA237C4F2400A7B982 /* TriangleView.swift in Sources */,
				7752EBDA237C4D7D00A7B982 /* ContentView.swift in Sources */,
				7752EBF6237D5E0200A7B982 /* SpecialEffectsView.swift in Sources */,
				7752EBF0237C5BA900A7B982 /* FlowerView.swift in Sources */,
				7752EBEE237C582E00A7B982 /* InsettableView.swift in Sources */,
			);
			runOnlyForDeploymentPostprocessing = 0;
		};
/* End PBXSourcesBuildPhase section */

/* Begin PBXVariantGroup section */
		7752EBE0237C4D8000A7B982 /* LaunchScreen.storyboard */ = {
			isa = PBXVariantGroup;
			children = (
				7752EBE1237C4D8000A7B982 /* Base */,
			);
			name = LaunchScreen.storyboard;
			sourceTree = "<group>";
		};
/* End PBXVariantGroup section */

/* Begin XCBuildConfiguration section */
		7752EBE4237C4D8000A7B982 /* Debug */ = {
			isa = XCBuildConfiguration;
			buildSettings = {
				ALWAYS_SEARCH_USER_PATHS = NO;
				CLANG_ANALYZER_NONNULL = YES;
				CLANG_ANALYZER_NUMBER_OBJECT_CONVERSION = YES_AGGRESSIVE;
				CLANG_CXX_LANGUAGE_STANDARD = "gnu++14";
				CLANG_CXX_LIBRARY = "libc++";
				CLANG_ENABLE_MODULES = YES;
				CLANG_ENABLE_OBJC_ARC = YES;
				CLANG_ENABLE_OBJC_WEAK = YES;
				CLANG_WARN_BLOCK_CAPTURE_AUTORELEASING = YES;
				CLANG_WARN_BOOL_CONVERSION = YES;
				CLANG_WARN_COMMA = YES;
				CLANG_WARN_CONSTANT_CONVERSION = YES;
				CLANG_WARN_DEPRECATED_OBJC_IMPLEMENTATIONS = YES;
				CLANG_WARN_DIRECT_OBJC_ISA_USAGE = YES_ERROR;
				CLANG_WARN_DOCUMENTATION_COMMENTS = YES;
				CLANG_WARN_EMPTY_BODY = YES;
				CLANG_WARN_ENUM_CONVERSION = YES;
				CLANG_WARN_INFINITE_RECURSION = YES;
				CLANG_WARN_INT_CONVERSION = YES;
				CLANG_WARN_NON_LITERAL_NULL_CONVERSION = YES;
				CLANG_WARN_OBJC_IMPLICIT_RETAIN_SELF = YES;
				CLANG_WARN_OBJC_LITERAL_CONVERSION = YES;
				CLANG_WARN_OBJC_ROOT_CLASS = YES_ERROR;
				CLANG_WARN_RANGE_LOOP_ANALYSIS = YES;
				CLANG_WARN_STRICT_PROTOTYPES = YES;
				CLANG_WARN_SUSPICIOUS_MOVE = YES;
				CLANG_WARN_UNGUARDED_AVAILABILITY = YES_AGGRESSIVE;
				CLANG_WARN_UNREACHABLE_CODE = YES;
				CLANG_WARN__DUPLICATE_METHOD_MATCH = YES;
				COPY_PHASE_STRIP = NO;
				DEBUG_INFORMATION_FORMAT = dwarf;
				ENABLE_STRICT_OBJC_MSGSEND = YES;
				ENABLE_TESTABILITY = YES;
				GCC_C_LANGUAGE_STANDARD = gnu11;
				GCC_DYNAMIC_NO_PIC = NO;
				GCC_NO_COMMON_BLOCKS = YES;
				GCC_OPTIMIZATION_LEVEL = 0;
				GCC_PREPROCESSOR_DEFINITIONS = (
					"DEBUG=1",
					"$(inherited)",
				);
				GCC_WARN_64_TO_32_BIT_CONVERSION = YES;
				GCC_WARN_ABOUT_RETURN_TYPE = YES_ERROR;
				GCC_WARN_UNDECLARED_SELECTOR = YES;
				GCC_WARN_UNINITIALIZED_AUTOS = YES_AGGRESSIVE;
				GCC_WARN_UNUSED_FUNCTION = YES;
				GCC_WARN_UNUSED_VARIABLE = YES;
				IPHONEOS_DEPLOYMENT_TARGET = 13.2;
				MTL_ENABLE_DEBUG_INFO = INCLUDE_SOURCE;
				MTL_FAST_MATH = YES;
				ONLY_ACTIVE_ARCH = YES;
				SDKROOT = iphoneos;
				SWIFT_ACTIVE_COMPILATION_CONDITIONS = DEBUG;
				SWIFT_OPTIMIZATION_LEVEL = "-Onone";
			};
			name = Debug;
		};
		7752EBE5237C4D8000A7B982 /* Release */ = {
			isa = XCBuildConfiguration;
			buildSettings = {
				ALWAYS_SEARCH_USER_PATHS = NO;
				CLANG_ANALYZER_NONNULL = YES;
				CLANG_ANALYZER_NUMBER_OBJECT_CONVERSION = YES_AGGRESSIVE;
				CLANG_CXX_LANGUAGE_STANDARD = "gnu++14";
				CLANG_CXX_LIBRARY = "libc++";
				CLANG_ENABLE_MODULES = YES;
				CLANG_ENABLE_OBJC_ARC = YES;
				CLANG_ENABLE_OBJC_WEAK = YES;
				CLANG_WARN_BLOCK_CAPTURE_AUTORELEASING = YES;
				CLANG_WARN_BOOL_CONVERSION = YES;
				CLANG_WARN_COMMA = YES;
				CLANG_WARN_CONSTANT_CONVERSION = YES;
				CLANG_WARN_DEPRECATED_OBJC_IMPLEMENTATIONS = YES;
				CLANG_WARN_DIRECT_OBJC_ISA_USAGE = YES_ERROR;
				CLANG_WARN_DOCUMENTATION_COMMENTS = YES;
				CLANG_WARN_EMPTY_BODY = YES;
				CLANG_WARN_ENUM_CONVERSION = YES;
				CLANG_WARN_INFINITE_RECURSION = YES;
				CLANG_WARN_INT_CONVERSION = YES;
				CLANG_WARN_NON_LITERAL_NULL_CONVERSION = YES;
				CLANG_WARN_OBJC_IMPLICIT_RETAIN_SELF = YES;
				CLANG_WARN_OBJC_LITERAL_CONVERSION = YES;
				CLANG_WARN_OBJC_ROOT_CLASS = YES_ERROR;
				CLANG_WARN_RANGE_LOOP_ANALYSIS = YES;
				CLANG_WARN_STRICT_PROTOTYPES = YES;
				CLANG_WARN_SUSPICIOUS_MOVE = YES;
				CLANG_WARN_UNGUARDED_AVAILABILITY = YES_AGGRESSIVE;
				CLANG_WARN_UNREACHABLE_CODE = YES;
				CLANG_WARN__DUPLICATE_METHOD_MATCH = YES;
				COPY_PHASE_STRIP = NO;
				DEBUG_INFORMATION_FORMAT = "dwarf-with-dsym";
				ENABLE_NS_ASSERTIONS = NO;
				ENABLE_STRICT_OBJC_MSGSEND = YES;
				GCC_C_LANGUAGE_STANDARD = gnu11;
				GCC_NO_COMMON_BLOCKS = YES;
				GCC_WARN_64_TO_32_BIT_CONVERSION = YES;
				GCC_WARN_ABOUT_RETURN_TYPE = YES_ERROR;
				GCC_WARN_UNDECLARED_SELECTOR = YES;
				GCC_WARN_UNINITIALIZED_AUTOS = YES_AGGRESSIVE;
				GCC_WARN_UNUSED_FUNCTION = YES;
				GCC_WARN_UNUSED_VARIABLE = YES;
				IPHONEOS_DEPLOYMENT_TARGET = 13.2;
				MTL_ENABLE_DEBUG_INFO = NO;
				MTL_FAST_MATH = YES;
				SDKROOT = iphoneos;
				SWIFT_COMPILATION_MODE = wholemodule;
				SWIFT_OPTIMIZATION_LEVEL = "-O";
				VALIDATE_PRODUCT = YES;
			};
			name = Release;
		};
		7752EBE7237C4D8000A7B982 /* Debug */ = {
			isa = XCBuildConfiguration;
			buildSettings = {
				ASSETCATALOG_COMPILER_APPICON_NAME = AppIcon;
				CODE_SIGN_STYLE = Automatic;
				DEVELOPMENT_ASSET_PATHS = "\"Drawing/Preview Content\"";
				DEVELOPMENT_TEAM = LGLDN3729L;
				ENABLE_PREVIEWS = YES;
				INFOPLIST_FILE = Drawing/Info.plist;
				LD_RUNPATH_SEARCH_PATHS = (
					"$(inherited)",
					"@executable_path/Frameworks",
				);
				PRODUCT_BUNDLE_IDENTIFIER = com.edgardoagno.Drawing;
				PRODUCT_NAME = "$(TARGET_NAME)";
				SWIFT_VERSION = 5.0;
				TARGETED_DEVICE_FAMILY = "1,2";
			};
			name = Debug;
		};
		7752EBE8237C4D8000A7B982 /* Release */ = {
			isa = XCBuildConfiguration;
			buildSettings = {
				ASSETCATALOG_COMPILER_APPICON_NAME = AppIcon;
				CODE_SIGN_STYLE = Automatic;
				DEVELOPMENT_ASSET_PATHS = "\"Drawing/Preview Content\"";
				DEVELOPMENT_TEAM = LGLDN3729L;
				ENABLE_PREVIEWS = YES;
				INFOPLIST_FILE = Drawing/Info.plist;
				LD_RUNPATH_SEARCH_PATHS = (
					"$(inherited)",
					"@executable_path/Frameworks",
				);
				PRODUCT_BUNDLE_IDENTIFIER = com.edgardoagno.Drawing;
				PRODUCT_NAME = "$(TARGET_NAME)";
				SWIFT_VERSION = 5.0;
				TARGETED_DEVICE_FAMILY = "1,2";
			};
			name = Release;
		};
/* End XCBuildConfiguration section */

/* Begin XCConfigurationList section */
		7752EBCD237C4D7D00A7B982 /* Build configuration list for PBXProject "Drawing" */ = {
			isa = XCConfigurationList;
			buildConfigurations = (
				7752EBE4237C4D8000A7B982 /* Debug */,
				7752EBE5237C4D8000A7B982 /* Release */,
			);
			defaultConfigurationIsVisible = 0;
			defaultConfigurationName = Release;
		};
		7752EBE6237C4D8000A7B982 /* Build configuration list for PBXNativeTarget "Drawing" */ = {
			isa = XCConfigurationList;
			buildConfigurations = (
				7752EBE7237C4D8000A7B982 /* Debug */,
				7752EBE8237C4D8000A7B982 /* Release */,
			);
			defaultConfigurationIsVisible = 0;
			defaultConfigurationName = Release;
		};
/* End XCConfigurationList section */
	};
	rootObject = 7752EBCA237C4D7D00A7B982 /* Project object */;
}
