// !$*UTF8*$!
{
	archiveVersion = 1;
	classes = {
	};
	objectVersion = 50;
	objects = {

/* Begin PBXBuildFile section */
		770F62122388261C00F82C7A /* InitialsView.swift in Sources */ = {isa = PBXBuildFile; fileRef = 770F62112388261C00F82C7A /* InitialsView.swift */; };
		770F62162388340700F82C7A /* TagsView.swift in Sources */ = {isa = PBXBuildFile; fileRef = 770F62152388340700F82C7A /* TagsView.swift */; };
		770F62182388BE5000F82C7A /* LoadingView.swift in Sources */ = {isa = PBXBuildFile; fileRef = 770F62172388BE5000F82C7A /* LoadingView.swift */; };
		7762A85C238808E0007A5D64 /* FilteredListView.swift in Sources */ = {isa = PBXBuildFile; fileRef = 7762A85B238808E0007A5D64 /* FilteredListView.swift */; };
		7762A85E238816D3007A5D64 /* UserDetailView.swift in Sources */ = {isa = PBXBuildFile; fileRef = 7762A85D238816D3007A5D64 /* UserDetailView.swift */; };
		77A10D012387EEA300E59C71 /* friendface.json in Resources */ = {isa = PBXBuildFile; fileRef = 77A10D002387EEA300E59C71 /* friendface.json */; };
		77A10D052387FF5B00E59C71 /* User.swift in Sources */ = {isa = PBXBuildFile; fileRef = 77A10D042387FF5B00E59C71 /* User.swift */; };
		77B62F5B2387EE610020FB92 /* AppDelegate.swift in Sources */ = {isa = PBXBuildFile; fileRef = 77B62F5A2387EE610020FB92 /* AppDelegate.swift */; };
		77B62F5D2387EE610020FB92 /* SceneDelegate.swift in Sources */ = {isa = PBXBuildFile; fileRef = 77B62F5C2387EE610020FB92 /* SceneDelegate.swift */; };
		77B62F602387EE610020FB92 /* Day60FriendFace.xcdatamodeld in Sources */ = {isa = PBXBuildFile; fileRef = 77B62F5E2387EE610020FB92 /* Day60FriendFace.xcdatamodeld */; };
		77B62F622387EE610020FB92 /* ContentView.swift in Sources */ = {isa = PBXBuildFile; fileRef = 77B62F612387EE610020FB92 /* ContentView.swift */; };
		77B62F642387EE620020FB92 /* Assets.xcassets in Resources */ = {isa = PBXBuildFile; fileRef = 77B62F632387EE620020FB92 /* Assets.xcassets */; };
		77B62F672387EE620020FB92 /* Preview Assets.xcassets in Resources */ = {isa = PBXBuildFile; fileRef = 77B62F662387EE620020FB92 /* Preview Assets.xcassets */; };
		77B62F6A2387EE620020FB92 /* LaunchScreen.storyboard in Resources */ = {isa = PBXBuildFile; fileRef = 77B62F682387EE620020FB92 /* LaunchScreen.storyboard */; };
/* End PBXBuildFile section */

/* Begin PBXFileReference section */
		770F62112388261C00F82C7A /* InitialsView.swift */ = {isa = PBXFileReference; lastKnownFileType = sourcecode.swift; path = InitialsView.swift; sourceTree = "<group>"; };
		770F62152388340700F82C7A /* TagsView.swift */ = {isa = PBXFileReference; lastKnownFileType = sourcecode.swift; path = TagsView.swift; sourceTree = "<group>"; };
		770F62172388BE5000F82C7A /* LoadingView.swift */ = {isa = PBXFileReference; lastKnownFileType = sourcecode.swift; path = LoadingView.swift; sourceTree = "<group>"; };
		7762A85B238808E0007A5D64 /* FilteredListView.swift */ = {isa = PBXFileReference; lastKnownFileType = sourcecode.swift; path = FilteredListView.swift; sourceTree = "<group>"; };
		7762A85D238816D3007A5D64 /* UserDetailView.swift */ = {isa = PBXFileReference; lastKnownFileType = sourcecode.swift; path = UserDetailView.swift; sourceTree = "<group>"; };
		77A10D002387EEA300E59C71 /* friendface.json */ = {isa = PBXFileReference; fileEncoding = 4; lastKnownFileType = text.json; path = friendface.json; sourceTree = "<group>"; };
		77A10D042387FF5B00E59C71 /* User.swift */ = {isa = PBXFileReference; lastKnownFileType = sourcecode.swift; path = User.swift; sourceTree = "<group>"; };
		77B62F572387EE610020FB92 /* Day60FriendFace.app */ = {isa = PBXFileReference; explicitFileType = wrapper.application; includeInIndex = 0; path = Day60FriendFace.app; sourceTree = BUILT_PRODUCTS_DIR; };
		77B62F5A2387EE610020FB92 /* AppDelegate.swift */ = {isa = PBXFileReference; lastKnownFileType = sourcecode.swift; path = AppDelegate.swift; sourceTree = "<group>"; };
		77B62F5C2387EE610020FB92 /* SceneDelegate.swift */ = {isa = PBXFileReference; lastKnownFileType = sourcecode.swift; path = SceneDelegate.swift; sourceTree = "<group>"; };
		77B62F5F2387EE610020FB92 /* Day60FriendFace.xcdatamodel */ = {isa = PBXFileReference; lastKnownFileType = wrapper.xcdatamodel; path = Day60FriendFace.xcdatamodel; sourceTree = "<group>"; };
		77B62F612387EE610020FB92 /* ContentView.swift */ = {isa = PBXFileReference; lastKnownFileType = sourcecode.swift; path = ContentView.swift; sourceTree = "<group>"; };
		77B62F632387EE620020FB92 /* Assets.xcassets */ = {isa = PBXFileReference; lastKnownFileType = folder.assetcatalog; path = Assets.xcassets; sourceTree = "<group>"; };
		77B62F662387EE620020FB92 /* Preview Assets.xcassets */ = {isa = PBXFileReference; lastKnownFileType = folder.assetcatalog; path = "Preview Assets.xcassets"; sourceTree = "<group>"; };
		77B62F692387EE620020FB92 /* Base */ = {isa = PBXFileReference; lastKnownFileType = file.storyboard; name = Base; path = Base.lproj/LaunchScreen.storyboard; sourceTree = "<group>"; };
		77B62F6B2387EE620020FB92 /* Info.plist */ = {isa = PBXFileReference; lastKnownFileType = text.plist.xml; path = Info.plist; sourceTree = "<group>"; };
/* End PBXFileReference section */

/* Begin PBXFrameworksBuildPhase section */
		77B62F542387EE610020FB92 /* Frameworks */ = {
			isa = PBXFrameworksBuildPhase;
			buildActionMask = 2147483647;
			files = (
			);
			runOnlyForDeploymentPostprocessing = 0;
		};
/* End PBXFrameworksBuildPhase section */

/* Begin PBXGroup section */
		77B62F4E2387EE610020FB92 = {
			isa = PBXGroup;
			children = (
				77B62F592387EE610020FB92 /* Day60FriendFace */,
				77B62F582387EE610020FB92 /* Products */,
			);
			sourceTree = "<group>";
		};
		77B62F582387EE610020FB92 /* Products */ = {
			isa = PBXGroup;
			children = (
				77B62F572387EE610020FB92 /* Day60FriendFace.app */,
			);
			name = Products;
			sourceTree = "<group>";
		};
		77B62F592387EE610020FB92 /* Day60FriendFace */ = {
			isa = PBXGroup;
			children = (
				77A10D002387EEA300E59C71 /* friendface.json */,
				77B62F5A2387EE610020FB92 /* AppDelegate.swift */,
				77B62F5C2387EE610020FB92 /* SceneDelegate.swift */,
				77B62F612387EE610020FB92 /* ContentView.swift */,
				77B62F632387EE620020FB92 /* Assets.xcassets */,
				77B62F682387EE620020FB92 /* LaunchScreen.storyboard */,
				77B62F6B2387EE620020FB92 /* Info.plist */,
				77B62F5E2387EE610020FB92 /* Day60FriendFace.xcdatamodeld */,
				77B62F652387EE620020FB92 /* Preview Content */,
				77A10D042387FF5B00E59C71 /* User.swift */,
				7762A85B238808E0007A5D64 /* FilteredListView.swift */,
				7762A85D238816D3007A5D64 /* UserDetailView.swift */,
				770F62112388261C00F82C7A /* InitialsView.swift */,
				770F62152388340700F82C7A /* TagsView.swift */,
				770F62172388BE5000F82C7A /* LoadingView.swift */,
			);
			path = Day60FriendFace;
			sourceTree = "<group>";
		};
		77B62F652387EE620020FB92 /* Preview Content */ = {
			isa = PBXGroup;
			children = (
				77B62F662387EE620020FB92 /* Preview Assets.xcassets */,
			);
			path = "Preview Content";
			sourceTree = "<group>";
		};
/* End PBXGroup section */

/* Begin PBXNativeTarget section */
		77B62F562387EE610020FB92 /* Day60FriendFace */ = {
			isa = PBXNativeTarget;
			buildConfigurationList = 77B62F6E2387EE620020FB92 /* Build configuration list for PBXNativeTarget "Day60FriendFace" */;
			buildPhases = (
				77B62F532387EE610020FB92 /* Sources */,
				77B62F542387EE610020FB92 /* Frameworks */,
				77B62F552387EE610020FB92 /* Resources */,
			);
			buildRules = (
			);
			dependencies = (
			);
			name = Day60FriendFace;
			productName = Day60FriendFace;
			productReference = 77B62F572387EE610020FB92 /* Day60FriendFace.app */;
			productType = "com.apple.product-type.application";
		};
/* End PBXNativeTarget section */

/* Begin PBXProject section */
		77B62F4F2387EE610020FB92 /* Project object */ = {
			isa = PBXProject;
			attributes = {
				LastSwiftUpdateCheck = 1120;
				LastUpgradeCheck = 1120;
				ORGANIZATIONNAME = "EDGARDO AGNO";
				TargetAttributes = {
					77B62F562387EE610020FB92 = {
						CreatedOnToolsVersion = 11.2.1;
					};
				};
			};
			buildConfigurationList = 77B62F522387EE610020FB92 /* Build configuration list for PBXProject "Day60FriendFace" */;
			compatibilityVersion = "Xcode 9.3";
			developmentRegion = en;
			hasScannedForEncodings = 0;
			knownRegions = (
				en,
				Base,
			);
			mainGroup = 77B62F4E2387EE610020FB92;
			productRefGroup = 77B62F582387EE610020FB92 /* Products */;
			projectDirPath = "";
			projectRoot = "";
			targets = (
				77B62F562387EE610020FB92 /* Day60FriendFace */,
			);
		};
/* End PBXProject section */

/* Begin PBXResourcesBuildPhase section */
		77B62F552387EE610020FB92 /* Resources */ = {
			isa = PBXResourcesBuildPhase;
			buildActionMask = 2147483647;
			files = (
				77B62F6A2387EE620020FB92 /* LaunchScreen.storyboard in Resources */,
				77B62F672387EE620020FB92 /* Preview Assets.xcassets in Resources */,
				77A10D012387EEA300E59C71 /* friendface.json in Resources */,
				77B62F642387EE620020FB92 /* Assets.xcassets in Resources */,
			);
			runOnlyForDeploymentPostprocessing = 0;
		};
/* End PBXResourcesBuildPhase section */

/* Begin PBXSourcesBuildPhase section */
		77B62F532387EE610020FB92 /* Sources */ = {
			isa = PBXSourcesBuildPhase;
			buildActionMask = 2147483647;
			files = (
				77B62F5B2387EE610020FB92 /* AppDelegate.swift in Sources */,
				77B62F5D2387EE610020FB92 /* SceneDelegate.swift in Sources */,
				77B62F622387EE610020FB92 /* ContentView.swift in Sources */,
				770F62182388BE5000F82C7A /* LoadingView.swift in Sources */,
				77A10D052387FF5B00E59C71 /* User.swift in Sources */,
				7762A85E238816D3007A5D64 /* UserDetailView.swift in Sources */,
				770F62122388261C00F82C7A /* InitialsView.swift in Sources */,
				77B62F602387EE610020FB92 /* Day60FriendFace.xcdatamodeld in Sources */,
				7762A85C238808E0007A5D64 /* FilteredListView.swift in Sources */,
				770F62162388340700F82C7A /* TagsView.swift in Sources */,
			);
			runOnlyForDeploymentPostprocessing = 0;
		};
/* End PBXSourcesBuildPhase section */

/* Begin PBXVariantGroup section */
		77B62F682387EE620020FB92 /* LaunchScreen.storyboard */ = {
			isa = PBXVariantGroup;
			children = (
				77B62F692387EE620020FB92 /* Base */,
			);
			name = LaunchScreen.storyboard;
			sourceTree = "<group>";
		};
/* End PBXVariantGroup section */

/* Begin XCBuildConfiguration section */
		77B62F6C2387EE620020FB92 /* Debug */ = {
			isa = XCBuildConfiguration;
			buildSettings = {
				ALWAYS_SEARCH_USER_PATHS = NO;
				CLANG_ANALYZER_NONNULL = YES;
				CLANG_ANALYZER_NUMBER_OBJECT_CONVERSION = YES_AGGRESSIVE;
				CLANG_CXX_LANGUAGE_STANDARD = "gnu++14";
				CLANG_CXX_LIBRARY = "libc++";
				CLANG_ENABLE_MODULES = YES;
				CLANG_ENABLE_OBJC_ARC = YES;
				CLANG_ENABLE_OBJC_WEAK = YES;
				CLANG_WARN_BLOCK_CAPTURE_AUTORELEASING = YES;
				CLANG_WARN_BOOL_CONVERSION = YES;
				CLANG_WARN_COMMA = YES;
				CLANG_WARN_CONSTANT_CONVERSION = YES;
				CLANG_WARN_DEPRECATED_OBJC_IMPLEMENTATIONS = YES;
				CLANG_WARN_DIRECT_OBJC_ISA_USAGE = YES_ERROR;
				CLANG_WARN_DOCUMENTATION_COMMENTS = YES;
				CLANG_WARN_EMPTY_BODY = YES;
				CLANG_WARN_ENUM_CONVERSION = YES;
				CLANG_WARN_INFINITE_RECURSION = YES;
				CLANG_WARN_INT_CONVERSION = YES;
				CLANG_WARN_NON_LITERAL_NULL_CONVERSION = YES;
				CLANG_WARN_OBJC_IMPLICIT_RETAIN_SELF = YES;
				CLANG_WARN_OBJC_LITERAL_CONVERSION = YES;
				CLANG_WARN_OBJC_ROOT_CLASS = YES_ERROR;
				CLANG_WARN_RANGE_LOOP_ANALYSIS = YES;
				CLANG_WARN_STRICT_PROTOTYPES = YES;
				CLANG_WARN_SUSPICIOUS_MOVE = YES;
				CLANG_WARN_UNGUARDED_AVAILABILITY = YES_AGGRESSIVE;
				CLANG_WARN_UNREACHABLE_CODE = YES;
				CLANG_WARN__DUPLICATE_METHOD_MATCH = YES;
				COPY_PHASE_STRIP = NO;
				DEBUG_INFORMATION_FORMAT = dwarf;
				ENABLE_STRICT_OBJC_MSGSEND = YES;
				ENABLE_TESTABILITY = YES;
				GCC_C_LANGUAGE_STANDARD = gnu11;
				GCC_DYNAMIC_NO_PIC = NO;
				GCC_NO_COMMON_BLOCKS = YES;
				GCC_OPTIMIZATION_LEVEL = 0;
				GCC_PREPROCESSOR_DEFINITIONS = (
					"DEBUG=1",
					"$(inherited)",
				);
				GCC_WARN_64_TO_32_BIT_CONVERSION = YES;
				GCC_WARN_ABOUT_RETURN_TYPE = YES_ERROR;
				GCC_WARN_UNDECLARED_SELECTOR = YES;
				GCC_WARN_UNINITIALIZED_AUTOS = YES_AGGRESSIVE;
				GCC_WARN_UNUSED_FUNCTION = YES;
				GCC_WARN_UNUSED_VARIABLE = YES;
				IPHONEOS_DEPLOYMENT_TARGET = 13.2;
				MTL_ENABLE_DEBUG_INFO = INCLUDE_SOURCE;
				MTL_FAST_MATH = YES;
				ONLY_ACTIVE_ARCH = YES;
				SDKROOT = iphoneos;
				SWIFT_ACTIVE_COMPILATION_CONDITIONS = DEBUG;
				SWIFT_OPTIMIZATION_LEVEL = "-Onone";
			};
			name = Debug;
		};
		77B62F6D2387EE620020FB92 /* Release */ = {
			isa = XCBuildConfiguration;
			buildSettings = {
				ALWAYS_SEARCH_USER_PATHS = NO;
				CLANG_ANALYZER_NONNULL = YES;
				CLANG_ANALYZER_NUMBER_OBJECT_CONVERSION = YES_AGGRESSIVE;
				CLANG_CXX_LANGUAGE_STANDARD = "gnu++14";
				CLANG_CXX_LIBRARY = "libc++";
				CLANG_ENABLE_MODULES = YES;
				CLANG_ENABLE_OBJC_ARC = YES;
				CLANG_ENABLE_OBJC_WEAK = YES;
				CLANG_WARN_BLOCK_CAPTURE_AUTORELEASING = YES;
				CLANG_WARN_BOOL_CONVERSION = YES;
				CLANG_WARN_COMMA = YES;
				CLANG_WARN_CONSTANT_CONVERSION = YES;
				CLANG_WARN_DEPRECATED_OBJC_IMPLEMENTATIONS = YES;
				CLANG_WARN_DIRECT_OBJC_ISA_USAGE = YES_ERROR;
				CLANG_WARN_DOCUMENTATION_COMMENTS = YES;
				CLANG_WARN_EMPTY_BODY = YES;
				CLANG_WARN_ENUM_CONVERSION = YES;
				CLANG_WARN_INFINITE_RECURSION = YES;
				CLANG_WARN_INT_CONVERSION = YES;
				CLANG_WARN_NON_LITERAL_NULL_CONVERSION = YES;
				CLANG_WARN_OBJC_IMPLICIT_RETAIN_SELF = YES;
				CLANG_WARN_OBJC_LITERAL_CONVERSION = YES;
				CLANG_WARN_OBJC_ROOT_CLASS = YES_ERROR;
				CLANG_WARN_RANGE_LOOP_ANALYSIS = YES;
				CLANG_WARN_STRICT_PROTOTYPES = YES;
				CLANG_WARN_SUSPICIOUS_MOVE = YES;
				CLANG_WARN_UNGUARDED_AVAILABILITY = YES_AGGRESSIVE;
				CLANG_WARN_UNREACHABLE_CODE = YES;
				CLANG_WARN__DUPLICATE_METHOD_MATCH = YES;
				COPY_PHASE_STRIP = NO;
				DEBUG_INFORMATION_FORMAT = "dwarf-with-dsym";
				ENABLE_NS_ASSERTIONS = NO;
				ENABLE_STRICT_OBJC_MSGSEND = YES;
				GCC_C_LANGUAGE_STANDARD = gnu11;
				GCC_NO_COMMON_BLOCKS = YES;
				GCC_WARN_64_TO_32_BIT_CONVERSION = YES;
				GCC_WARN_ABOUT_RETURN_TYPE = YES_ERROR;
				GCC_WARN_UNDECLARED_SELECTOR = YES;
				GCC_WARN_UNINITIALIZED_AUTOS = YES_AGGRESSIVE;
				GCC_WARN_UNUSED_FUNCTION = YES;
				GCC_WARN_UNUSED_VARIABLE = YES;
				IPHONEOS_DEPLOYMENT_TARGET = 13.2;
				MTL_ENABLE_DEBUG_INFO = NO;
				MTL_FAST_MATH = YES;
				SDKROOT = iphoneos;
				SWIFT_COMPILATION_MODE = wholemodule;
				SWIFT_OPTIMIZATION_LEVEL = "-O";
				VALIDATE_PRODUCT = YES;
			};
			name = Release;
		};
		77B62F6F2387EE620020FB92 /* Debug */ = {
			isa = XCBuildConfiguration;
			buildSettings = {
				ASSETCATALOG_COMPILER_APPICON_NAME = AppIcon;
				CODE_SIGN_STYLE = Automatic;
				DEVELOPMENT_ASSET_PATHS = "\"Day60FriendFace/Preview Content\"";
				DEVELOPMENT_TEAM = LGLDN3729L;
				ENABLE_PREVIEWS = YES;
				INFOPLIST_FILE = Day60FriendFace/Info.plist;
				LD_RUNPATH_SEARCH_PATHS = (
					"$(inherited)",
					"@executable_path/Frameworks",
				);
				PRODUCT_BUNDLE_IDENTIFIER = com.edgardoagno.Day60FriendFace;
				PRODUCT_NAME = "$(TARGET_NAME)";
				SWIFT_VERSION = 5.0;
				TARGETED_DEVICE_FAMILY = "1,2";
			};
			name = Debug;
		};
		77B62F702387EE620020FB92 /* Release */ = {
			isa = XCBuildConfiguration;
			buildSettings = {
				ASSETCATALOG_COMPILER_APPICON_NAME = AppIcon;
				CODE_SIGN_STYLE = Automatic;
				DEVELOPMENT_ASSET_PATHS = "\"Day60FriendFace/Preview Content\"";
				DEVELOPMENT_TEAM = LGLDN3729L;
				ENABLE_PREVIEWS = YES;
				INFOPLIST_FILE = Day60FriendFace/Info.plist;
				LD_RUNPATH_SEARCH_PATHS = (
					"$(inherited)",
					"@executable_path/Frameworks",
				);
				PRODUCT_BUNDLE_IDENTIFIER = com.edgardoagno.Day60FriendFace;
				PRODUCT_NAME = "$(TARGET_NAME)";
				SWIFT_VERSION = 5.0;
				TARGETED_DEVICE_FAMILY = "1,2";
			};
			name = Release;
		};
/* End XCBuildConfiguration section */

/* Begin XCConfigurationList section */
		77B62F522387EE610020FB92 /* Build configuration list for PBXProject "Day60FriendFace" */ = {
			isa = XCConfigurationList;
			buildConfigurations = (
				77B62F6C2387EE620020FB92 /* Debug */,
				77B62F6D2387EE620020FB92 /* Release */,
			);
			defaultConfigurationIsVisible = 0;
			defaultConfigurationName = Release;
		};
		77B62F6E2387EE620020FB92 /* Build configuration list for PBXNativeTarget "Day60FriendFace" */ = {
			isa = XCConfigurationList;
			buildConfigurations = (
				77B62F6F2387EE620020FB92 /* Debug */,
				77B62F702387EE620020FB92 /* Release */,
			);
			defaultConfigurationIsVisible = 0;
			defaultConfigurationName = Release;
		};
/* End XCConfigurationList section */

/* Begin XCVersionGroup section */
		77B62F5E2387EE610020FB92 /* Day60FriendFace.xcdatamodeld */ = {
			isa = XCVersionGroup;
			children = (
				77B62F5F2387EE610020FB92 /* Day60FriendFace.xcdatamodel */,
			);
			currentVersion = 77B62F5F2387EE610020FB92 /* Day60FriendFace.xcdatamodel */;
			path = Day60FriendFace.xcdatamodeld;
			sourceTree = "<group>";
			versionGroupType = wrapper.xcdatamodel;
		};
/* End XCVersionGroup section */
	};
	rootObject = 77B62F4F2387EE610020FB92 /* Project object */;
}
