// !$*UTF8*$!
{
	archiveVersion = 1;
	classes = {
	};
	objectVersion = 50;
	objects = {

/* Begin PBXBuildFile section */
		77639CA22359C99B00CF0D41 /* AppDelegate.swift in Sources */ = {isa = PBXBuildFile; fileRef = 77639CA12359C99B00CF0D41 /* AppDelegate.swift */; };
		77639CA42359C99B00CF0D41 /* SceneDelegate.swift in Sources */ = {isa = PBXBuildFile; fileRef = 77639CA32359C99B00CF0D41 /* SceneDelegate.swift */; };
		77639CA62359C99B00CF0D41 /* ContentView.swift in Sources */ = {isa = PBXBuildFile; fileRef = 77639CA52359C99B00CF0D41 /* ContentView.swift */; };
		77639CA82359C99D00CF0D41 /* Assets.xcassets in Resources */ = {isa = PBXBuildFile; fileRef = 77639CA72359C99D00CF0D41 /* Assets.xcassets */; };
		77639CAB2359C99D00CF0D41 /* Preview Assets.xcassets in Resources */ = {isa = PBXBuildFile; fileRef = 77639CAA2359C99D00CF0D41 /* Preview Assets.xcassets */; };
		77639CAE2359C99D00CF0D41 /* LaunchScreen.storyboard in Resources */ = {isa = PBXBuildFile; fileRef = 77639CAC2359C99D00CF0D41 /* LaunchScreen.storyboard */; };
/* End PBXBuildFile section */

/* Begin PBXFileReference section */
		77639C9E2359C99B00CF0D41 /* WeeAngles.app */ = {isa = PBXFileReference; explicitFileType = wrapper.application; includeInIndex = 0; path = WeeAngles.app; sourceTree = BUILT_PRODUCTS_DIR; };
		77639CA12359C99B00CF0D41 /* AppDelegate.swift */ = {isa = PBXFileReference; lastKnownFileType = sourcecode.swift; path = AppDelegate.swift; sourceTree = "<group>"; };
		77639CA32359C99B00CF0D41 /* SceneDelegate.swift */ = {isa = PBXFileReference; lastKnownFileType = sourcecode.swift; path = SceneDelegate.swift; sourceTree = "<group>"; };
		77639CA52359C99B00CF0D41 /* ContentView.swift */ = {isa = PBXFileReference; lastKnownFileType = sourcecode.swift; path = ContentView.swift; sourceTree = "<group>"; };
		77639CA72359C99D00CF0D41 /* Assets.xcassets */ = {isa = PBXFileReference; lastKnownFileType = folder.assetcatalog; path = Assets.xcassets; sourceTree = "<group>"; };
		77639CAA2359C99D00CF0D41 /* Preview Assets.xcassets */ = {isa = PBXFileReference; lastKnownFileType = folder.assetcatalog; path = "Preview Assets.xcassets"; sourceTree = "<group>"; };
		77639CAD2359C99D00CF0D41 /* Base */ = {isa = PBXFileReference; lastKnownFileType = file.storyboard; name = Base; path = Base.lproj/LaunchScreen.storyboard; sourceTree = "<group>"; };
		77639CAF2359C99D00CF0D41 /* Info.plist */ = {isa = PBXFileReference; lastKnownFileType = text.plist.xml; path = Info.plist; sourceTree = "<group>"; };
/* End PBXFileReference section */

/* Begin PBXFrameworksBuildPhase section */
		77639C9B2359C99B00CF0D41 /* Frameworks */ = {
			isa = PBXFrameworksBuildPhase;
			buildActionMask = 2147483647;
			files = (
			);
			runOnlyForDeploymentPostprocessing = 0;
		};
/* End PBXFrameworksBuildPhase section */

/* Begin PBXGroup section */
		77639C952359C99B00CF0D41 = {
			isa = PBXGroup;
			children = (
				77639CA02359C99B00CF0D41 /* WeeAngles */,
				77639C9F2359C99B00CF0D41 /* Products */,
			);
			sourceTree = "<group>";
		};
		77639C9F2359C99B00CF0D41 /* Products */ = {
			isa = PBXGroup;
			children = (
				77639C9E2359C99B00CF0D41 /* WeeAngles.app */,
			);
			name = Products;
			sourceTree = "<group>";
		};
		77639CA02359C99B00CF0D41 /* WeeAngles */ = {
			isa = PBXGroup;
			children = (
				77639CA12359C99B00CF0D41 /* AppDelegate.swift */,
				77639CA32359C99B00CF0D41 /* SceneDelegate.swift */,
				77639CA52359C99B00CF0D41 /* ContentView.swift */,
				77639CA72359C99D00CF0D41 /* Assets.xcassets */,
				77639CAC2359C99D00CF0D41 /* LaunchScreen.storyboard */,
				77639CAF2359C99D00CF0D41 /* Info.plist */,
				77639CA92359C99D00CF0D41 /* Preview Content */,
			);
			path = WeeAngles;
			sourceTree = "<group>";
		};
		77639CA92359C99D00CF0D41 /* Preview Content */ = {
			isa = PBXGroup;
			children = (
				77639CAA2359C99D00CF0D41 /* Preview Assets.xcassets */,
			);
			path = "Preview Content";
			sourceTree = "<group>";
		};
/* End PBXGroup section */

/* Begin PBXNativeTarget section */
		77639C9D2359C99B00CF0D41 /* WeeAngles */ = {
			isa = PBXNativeTarget;
			buildConfigurationList = 77639CB22359C99D00CF0D41 /* Build configuration list for PBXNativeTarget "WeeAngles" */;
			buildPhases = (
				77639C9A2359C99B00CF0D41 /* Sources */,
				77639C9B2359C99B00CF0D41 /* Frameworks */,
				77639C9C2359C99B00CF0D41 /* Resources */,
			);
			buildRules = (
			);
			dependencies = (
			);
			name = WeeAngles;
			productName = WeeAngles;
			productReference = 77639C9E2359C99B00CF0D41 /* WeeAngles.app */;
			productType = "com.apple.product-type.application";
		};
/* End PBXNativeTarget section */

/* Begin PBXProject section */
		77639C962359C99B00CF0D41 /* Project object */ = {
			isa = PBXProject;
			attributes = {
				LastSwiftUpdateCheck = 1110;
				LastUpgradeCheck = 1110;
				ORGANIZATIONNAME = "EDGARDO AGNO";
				TargetAttributes = {
					77639C9D2359C99B00CF0D41 = {
						CreatedOnToolsVersion = 11.1;
					};
				};
			};
			buildConfigurationList = 77639C992359C99B00CF0D41 /* Build configuration list for PBXProject "WeeAngles" */;
			compatibilityVersion = "Xcode 9.3";
			developmentRegion = en;
			hasScannedForEncodings = 0;
			knownRegions = (
				en,
				Base,
			);
			mainGroup = 77639C952359C99B00CF0D41;
			productRefGroup = 77639C9F2359C99B00CF0D41 /* Products */;
			projectDirPath = "";
			projectRoot = "";
			targets = (
				77639C9D2359C99B00CF0D41 /* WeeAngles */,
			);
		};
/* End PBXProject section */

/* Begin PBXResourcesBuildPhase section */
		77639C9C2359C99B00CF0D41 /* Resources */ = {
			isa = PBXResourcesBuildPhase;
			buildActionMask = 2147483647;
			files = (
				77639CAE2359C99D00CF0D41 /* LaunchScreen.storyboard in Resources */,
				77639CAB2359C99D00CF0D41 /* Preview Assets.xcassets in Resources */,
				77639CA82359C99D00CF0D41 /* Assets.xcassets in Resources */,
			);
			runOnlyForDeploymentPostprocessing = 0;
		};
/* End PBXResourcesBuildPhase section */

/* Begin PBXSourcesBuildPhase section */
		77639C9A2359C99B00CF0D41 /* Sources */ = {
			isa = PBXSourcesBuildPhase;
			buildActionMask = 2147483647;
			files = (
				77639CA22359C99B00CF0D41 /* AppDelegate.swift in Sources */,
				77639CA42359C99B00CF0D41 /* SceneDelegate.swift in Sources */,
				77639CA62359C99B00CF0D41 /* ContentView.swift in Sources */,
			);
			runOnlyForDeploymentPostprocessing = 0;
		};
/* End PBXSourcesBuildPhase section */

/* Begin PBXVariantGroup section */
		77639CAC2359C99D00CF0D41 /* LaunchScreen.storyboard */ = {
			isa = PBXVariantGroup;
			children = (
				77639CAD2359C99D00CF0D41 /* Base */,
			);
			name = LaunchScreen.storyboard;
			sourceTree = "<group>";
		};
/* End PBXVariantGroup section */

/* Begin XCBuildConfiguration section */
		77639CB02359C99D00CF0D41 /* Debug */ = {
			isa = XCBuildConfiguration;
			buildSettings = {
				ALWAYS_SEARCH_USER_PATHS = NO;
				CLANG_ANALYZER_NONNULL = YES;
				CLANG_ANALYZER_NUMBER_OBJECT_CONVERSION = YES_AGGRESSIVE;
				CLANG_CXX_LANGUAGE_STANDARD = "gnu++14";
				CLANG_CXX_LIBRARY = "libc++";
				CLANG_ENABLE_MODULES = YES;
				CLANG_ENABLE_OBJC_ARC = YES;
				CLANG_ENABLE_OBJC_WEAK = YES;
				CLANG_WARN_BLOCK_CAPTURE_AUTORELEASING = YES;
				CLANG_WARN_BOOL_CONVERSION = YES;
				CLANG_WARN_COMMA = YES;
				CLANG_WARN_CONSTANT_CONVERSION = YES;
				CLANG_WARN_DEPRECATED_OBJC_IMPLEMENTATIONS = YES;
				CLANG_WARN_DIRECT_OBJC_ISA_USAGE = YES_ERROR;
				CLANG_WARN_DOCUMENTATION_COMMENTS = YES;
				CLANG_WARN_EMPTY_BODY = YES;
				CLANG_WARN_ENUM_CONVERSION = YES;
				CLANG_WARN_INFINITE_RECURSION = YES;
				CLANG_WARN_INT_CONVERSION = YES;
				CLANG_WARN_NON_LITERAL_NULL_CONVERSION = YES;
				CLANG_WARN_OBJC_IMPLICIT_RETAIN_SELF = YES;
				CLANG_WARN_OBJC_LITERAL_CONVERSION = YES;
				CLANG_WARN_OBJC_ROOT_CLASS = YES_ERROR;
				CLANG_WARN_RANGE_LOOP_ANALYSIS = YES;
				CLANG_WARN_STRICT_PROTOTYPES = YES;
				CLANG_WARN_SUSPICIOUS_MOVE = YES;
				CLANG_WARN_UNGUARDED_AVAILABILITY = YES_AGGRESSIVE;
				CLANG_WARN_UNREACHABLE_CODE = YES;
				CLANG_WARN__DUPLICATE_METHOD_MATCH = YES;
				COPY_PHASE_STRIP = NO;
				DEBUG_INFORMATION_FORMAT = dwarf;
				ENABLE_STRICT_OBJC_MSGSEND = YES;
				ENABLE_TESTABILITY = YES;
				GCC_C_LANGUAGE_STANDARD = gnu11;
				GCC_DYNAMIC_NO_PIC = NO;
				GCC_NO_COMMON_BLOCKS = YES;
				GCC_OPTIMIZATION_LEVEL = 0;
				GCC_PREPROCESSOR_DEFINITIONS = (
					"DEBUG=1",
					"$(inherited)",
				);
				GCC_WARN_64_TO_32_BIT_CONVERSION = YES;
				GCC_WARN_ABOUT_RETURN_TYPE = YES_ERROR;
				GCC_WARN_UNDECLARED_SELECTOR = YES;
				GCC_WARN_UNINITIALIZED_AUTOS = YES_AGGRESSIVE;
				GCC_WARN_UNUSED_FUNCTION = YES;
				GCC_WARN_UNUSED_VARIABLE = YES;
				IPHONEOS_DEPLOYMENT_TARGET = 13.1;
				MTL_ENABLE_DEBUG_INFO = INCLUDE_SOURCE;
				MTL_FAST_MATH = YES;
				ONLY_ACTIVE_ARCH = YES;
				SDKROOT = iphoneos;
				SWIFT_ACTIVE_COMPILATION_CONDITIONS = DEBUG;
				SWIFT_OPTIMIZATION_LEVEL = "-Onone";
			};
			name = Debug;
		};
		77639CB12359C99D00CF0D41 /* Release */ = {
			isa = XCBuildConfiguration;
			buildSettings = {
				ALWAYS_SEARCH_USER_PATHS = NO;
				CLANG_ANALYZER_NONNULL = YES;
				CLANG_ANALYZER_NUMBER_OBJECT_CONVERSION = YES_AGGRESSIVE;
				CLANG_CXX_LANGUAGE_STANDARD = "gnu++14";
				CLANG_CXX_LIBRARY = "libc++";
				CLANG_ENABLE_MODULES = YES;
				CLANG_ENABLE_OBJC_ARC = YES;
				CLANG_ENABLE_OBJC_WEAK = YES;
				CLANG_WARN_BLOCK_CAPTURE_AUTORELEASING = YES;
				CLANG_WARN_BOOL_CONVERSION = YES;
				CLANG_WARN_COMMA = YES;
				CLANG_WARN_CONSTANT_CONVERSION = YES;
				CLANG_WARN_DEPRECATED_OBJC_IMPLEMENTATIONS = YES;
				CLANG_WARN_DIRECT_OBJC_ISA_USAGE = YES_ERROR;
				CLANG_WARN_DOCUMENTATION_COMMENTS = YES;
				CLANG_WARN_EMPTY_BODY = YES;
				CLANG_WARN_ENUM_CONVERSION = YES;
				CLANG_WARN_INFINITE_RECURSION = YES;
				CLANG_WARN_INT_CONVERSION = YES;
				CLANG_WARN_NON_LITERAL_NULL_CONVERSION = YES;
				CLANG_WARN_OBJC_IMPLICIT_RETAIN_SELF = YES;
				CLANG_WARN_OBJC_LITERAL_CONVERSION = YES;
				CLANG_WARN_OBJC_ROOT_CLASS = YES_ERROR;
				CLANG_WARN_RANGE_LOOP_ANALYSIS = YES;
				CLANG_WARN_STRICT_PROTOTYPES = YES;
				CLANG_WARN_SUSPICIOUS_MOVE = YES;
				CLANG_WARN_UNGUARDED_AVAILABILITY = YES_AGGRESSIVE;
				CLANG_WARN_UNREACHABLE_CODE = YES;
				CLANG_WARN__DUPLICATE_METHOD_MATCH = YES;
				COPY_PHASE_STRIP = NO;
				DEBUG_INFORMATION_FORMAT = "dwarf-with-dsym";
				ENABLE_NS_ASSERTIONS = NO;
				ENABLE_STRICT_OBJC_MSGSEND = YES;
				GCC_C_LANGUAGE_STANDARD = gnu11;
				GCC_NO_COMMON_BLOCKS = YES;
				GCC_WARN_64_TO_32_BIT_CONVERSION = YES;
				GCC_WARN_ABOUT_RETURN_TYPE = YES_ERROR;
				GCC_WARN_UNDECLARED_SELECTOR = YES;
				GCC_WARN_UNINITIALIZED_AUTOS = YES_AGGRESSIVE;
				GCC_WARN_UNUSED_FUNCTION = YES;
				GCC_WARN_UNUSED_VARIABLE = YES;
				IPHONEOS_DEPLOYMENT_TARGET = 13.1;
				MTL_ENABLE_DEBUG_INFO = NO;
				MTL_FAST_MATH = YES;
				SDKROOT = iphoneos;
				SWIFT_COMPILATION_MODE = wholemodule;
				SWIFT_OPTIMIZATION_LEVEL = "-O";
				VALIDATE_PRODUCT = YES;
			};
			name = Release;
		};
		77639CB32359C99D00CF0D41 /* Debug */ = {
			isa = XCBuildConfiguration;
			buildSettings = {
				ASSETCATALOG_COMPILER_APPICON_NAME = AppIcon;
				CODE_SIGN_STYLE = Automatic;
				DEVELOPMENT_ASSET_PATHS = "\"WeeAngles/Preview Content\"";
				DEVELOPMENT_TEAM = LGLDN3729L;
				ENABLE_PREVIEWS = YES;
				INFOPLIST_FILE = WeeAngles/Info.plist;
				LD_RUNPATH_SEARCH_PATHS = (
					"$(inherited)",
					"@executable_path/Frameworks",
				);
				PRODUCT_BUNDLE_IDENTIFIER = com.edgardoagno.WeeAngles;
				PRODUCT_NAME = "$(TARGET_NAME)";
				SWIFT_VERSION = 5.0;
				TARGETED_DEVICE_FAMILY = "1,2";
			};
			name = Debug;
		};
		77639CB42359C99D00CF0D41 /* Release */ = {
			isa = XCBuildConfiguration;
			buildSettings = {
				ASSETCATALOG_COMPILER_APPICON_NAME = AppIcon;
				CODE_SIGN_STYLE = Automatic;
				DEVELOPMENT_ASSET_PATHS = "\"WeeAngles/Preview Content\"";
				DEVELOPMENT_TEAM = LGLDN3729L;
				ENABLE_PREVIEWS = YES;
				INFOPLIST_FILE = WeeAngles/Info.plist;
				LD_RUNPATH_SEARCH_PATHS = (
					"$(inherited)",
					"@executable_path/Frameworks",
				);
				PRODUCT_BUNDLE_IDENTIFIER = com.edgardoagno.WeeAngles;
				PRODUCT_NAME = "$(TARGET_NAME)";
				SWIFT_VERSION = 5.0;
				TARGETED_DEVICE_FAMILY = "1,2";
			};
			name = Release;
		};
/* End XCBuildConfiguration section */

/* Begin XCConfigurationList section */
		77639C992359C99B00CF0D41 /* Build configuration list for PBXProject "WeeAngles" */ = {
			isa = XCConfigurationList;
			buildConfigurations = (
				77639CB02359C99D00CF0D41 /* Debug */,
				77639CB12359C99D00CF0D41 /* Release */,
			);
			defaultConfigurationIsVisible = 0;
			defaultConfigurationName = Release;
		};
		77639CB22359C99D00CF0D41 /* Build configuration list for PBXNativeTarget "WeeAngles" */ = {
			isa = XCConfigurationList;
			buildConfigurations = (
				77639CB32359C99D00CF0D41 /* Debug */,
				77639CB42359C99D00CF0D41 /* Release */,
			);
			defaultConfigurationIsVisible = 0;
			defaultConfigurationName = Release;
		};
/* End XCConfigurationList section */
	};
	rootObject = 77639C962359C99B00CF0D41 /* Project object */;
}
